PODS:
  - GoogleAds-IMA-iOS-SDK (3.3.1)
  - Log (1.0)
  - PlayKit (0.0.5):
    - PlayKit/Core (= 0.0.5)
  - PlayKit/Core (0.0.5):
    - Log
    - SwiftyJSON
  - PlayKit/IMAPlugin (0.0.5):
    - GoogleAds-IMA-iOS-SDK (~> 3.3)
  - PlayKit/KalturaStatsPlugin (0.0.5)
  - SwiftyJSON (3.1.1)

DEPENDENCIES:
  - PlayKit (from `../../playkit-ios`)
  - PlayKit/IMAPlugin (from `../../playkit-ios`)
  - PlayKit/KalturaStatsPlugin (from `../../playkit-ios`)

EXTERNAL SOURCES:
  PlayKit:
    :path: ../../playkit-ios

SPEC CHECKSUMS:
  GoogleAds-IMA-iOS-SDK: 5643300870bd3289c47c0d0b5a2dbf595b05c336
  Log: 5e368c9528db07517d18d2d04ff5fe2b6f5a1e21
  PlayKit: 75c6075e3f776f2722e80d377cc4eb0cb079c4db
  SwiftyJSON: f0be2e604f83e8405a624e9f891898bf6ed4e019

PODFILE CHECKSUM: 90a4b70e772c6da533348e6ec217959a9bc7ee02

COCOAPODS: 1.1.1
