PODS:
  - google-cast-sdk (3.5.0):
    - google-cast-sdk/Core (= 3.5.0)
  - google-cast-sdk/Core (3.5.0)
  - KalturaNetKit (0.0.16):
    - KalturaNetKit/Core (= 0.0.16)
  - KalturaNetKit/Core (0.0.16):
    - SwiftyJSON
  - Log (1.0)
  - Nimble (7.0.1)
  - PlayKit (3.0.0):
    - PlayKit/Core (= 3.0.0)
  - PlayKit/AnalyticsCommon (3.0.0):
    - PlayKit/Core
  - PlayKit/Core (3.0.0):
    - KalturaNetKit (~> 0.0)
    - Log (= 1.0)
    - SwiftyJSON (= 3.1.4)
    - SwiftyXMLParser (= 3.0.3)
  - PlayKit/GoogleCastAddon (3.0.0):
    - google-cast-sdk (= 3.5)
    - PlayKit/Core
  - PlayKit/KalturaLiveStatsPlugin (3.0.0):
    - PlayKit/AnalyticsCommon
    - PlayKit/Core
  - PlayKit/KalturaStatsPlugin (3.0.0):
    - PlayKit/AnalyticsCommon
    - PlayKit/Core
  - PlayKit/PhoenixPlugin (3.0.0):
    - PlayKit/AnalyticsCommon
    - PlayKit/Core
  - PlayKit/YouboraPlugin (3.0.0):
    - PlayKit/AnalyticsCommon
    - PlayKit/Core
    - Youbora-AVPlayer/dynamic (= 5.3.5)
  - Quick (1.1.0)
  - SwiftyJSON (3.1.4)
  - SwiftyXMLParser (3.0.3)
  - Youbora-AVPlayer/dynamic (5.3.5):
    - Youbora-YouboraLib/dynamic (= 5.3.8)
  - Youbora-YouboraLib/dynamic (5.3.8)

DEPENDENCIES:
  - Nimble (= 7.0.1)
  - PlayKit (from `../../playkit-ios`)
  - PlayKit/GoogleCastAddon (from `../../playkit-ios`)
  - PlayKit/KalturaLiveStatsPlugin (from `../../playkit-ios`)
  - PlayKit/KalturaStatsPlugin (from `../../playkit-ios`)
  - PlayKit/PhoenixPlugin (from `../../playkit-ios`)
  - PlayKit/YouboraPlugin (from `../../playkit-ios`)
  - Quick (= 1.1.0)

EXTERNAL SOURCES:
  PlayKit:
    :path: ../../playkit-ios

SPEC CHECKSUMS:
  google-cast-sdk: fc3728ead66150ac746e001ba03a44e4b10e359e
  KalturaNetKit: 7c2ce88fb5eb506891f0bf844970ae5306a2fef5
  Log: 5e368c9528db07517d18d2d04ff5fe2b6f5a1e21
  Nimble: 657d000e11df8aebe27cdaf9d244de7f30ed87f7
  PlayKit: 759e3efd7ea61486324d71ba7124d47be006f974
  Quick: dafc587e21eed9f4cab3249b9f9015b0b7a7f71d
  SwiftyJSON: c2842d878f95482ffceec5709abc3d05680c0220
  SwiftyXMLParser: 9c6cc0310e778266a63d8eba50d9e07925aab0fb
  Youbora-AVPlayer: 02aea2a12a4f7e6a61d8a1747e5dfc177bf2354b
  Youbora-YouboraLib: 523adf7cd09c4a213e3485e6ec7c48d498986246

PODFILE CHECKSUM: b55af108e197cc1e32058c05ad751e5cf774b3eb

COCOAPODS: 1.2.1
