PODS:
  - google-cast-sdk (3.5.0):
    - google-cast-sdk/Core (= 3.5.0)
  - google-cast-sdk/Core (3.5.0)
  - KalturaNetKit (0.0.17):
    - KalturaNetKit/Core (= 0.0.17)
  - KalturaNetKit/Core (0.0.17):
    - SwiftyJSON
  - Log (1.0)
  - Nimble (7.0.1)
  - PlayKit (3.4.x-dev):
    - PlayKit/Core (= 3.4.x-dev)
  - PlayKit/AnalyticsCommon (3.4.x-dev):
    - PlayKit/Core
  - PlayKit/Core (3.4.x-dev):
    - KalturaNetKit (~> 0.0)
    - Log (= 1.0)
    - PlayKitUtils (= 0.1.4)
    - SwiftyJSON (= 3.1.4)
    - SwiftyXMLParser (= 3.0.3)
  - PlayKit/GoogleCastAddon (3.4.x-dev):
    - google-cast-sdk (= 3.5)
    - PlayKit/Core
  - PlayKit/KalturaLiveStatsPlugin (3.4.x-dev):
    - PlayKit/AnalyticsCommon
    - PlayKit/Core
  - PlayKit/KalturaStatsPlugin (3.4.x-dev):
    - PlayKit/AnalyticsCommon
    - PlayKit/Core
  - PlayKit/PhoenixPlugin (3.4.x-dev):
    - PlayKit/AnalyticsCommon
    - PlayKit/Core
  - PlayKit/YouboraPlugin (3.4.x-dev):
    - PlayKit/AnalyticsCommon
    - PlayKit/Core
    - YouboraLib (= 6.1.7)
  - PlayKitUtils (0.1.4)
  - Quick (1.1.0)
  - SwiftyJSON (3.1.4)
  - SwiftyXMLParser (3.0.3)
  - YouboraLib (6.1.7)

DEPENDENCIES:
  - Nimble (= 7.0.1)
  - PlayKit (from `../../playkit-ios`)
  - PlayKit/GoogleCastAddon (from `../../playkit-ios`)
  - PlayKit/KalturaLiveStatsPlugin (from `../../playkit-ios`)
  - PlayKit/KalturaStatsPlugin (from `../../playkit-ios`)
  - PlayKit/PhoenixPlugin (from `../../playkit-ios`)
  - PlayKit/YouboraPlugin (from `../../playkit-ios`)
  - Quick (= 1.1.0)

SPEC REPOS:
  https://github.com/CocoaPods/Specs.git:
    - google-cast-sdk
    - KalturaNetKit
    - Log
    - Nimble
    - PlayKitUtils
    - Quick
    - SwiftyJSON
    - SwiftyXMLParser
    - YouboraLib

EXTERNAL SOURCES:
  PlayKit:
    :path: "../../playkit-ios"

SPEC CHECKSUMS:
  google-cast-sdk: fc3728ead66150ac746e001ba03a44e4b10e359e
  KalturaNetKit: d37b3c6fc08da9935677fc547c59b25abc3574a3
  Log: 5e368c9528db07517d18d2d04ff5fe2b6f5a1e21
  Nimble: 657d000e11df8aebe27cdaf9d244de7f30ed87f7
  PlayKit: a81eb139a1dd172b4520d8d1a9faad3e70399b93
  PlayKitUtils: 8f03f72690805e20718be6f913547e0966c835f9
  Quick: dafc587e21eed9f4cab3249b9f9015b0b7a7f71d
  SwiftyJSON: c2842d878f95482ffceec5709abc3d05680c0220
  SwiftyXMLParser: 9c6cc0310e778266a63d8eba50d9e07925aab0fb
  YouboraLib: 8c04a76eefd756909d2cc285a75e7cb91e53abee

PODFILE CHECKSUM: 24ed6305dcb645a9df435e307d6a6f160e7b6259

COCOAPODS: 1.5.0
