// !$*UTF8*$!
{
	archiveVersion = 1;
	classes = {
	};
	objectVersion = 46;
	objects = {

/* Begin PBXBuildFile section */
		2012AFAC1E4B56D200BBA61C /* big_buck_bunny_short.mp4 in Resources */ = {isa = PBXBuildFile; fileRef = 2012AFAB1E4B56D200BBA61C /* big_buck_bunny_short.mp4 */; };
		2012AFAF1E4B85CA00BBA61C /* OTTAnalyticsPluginTest.swift in Sources */ = {isa = PBXBuildFile; fileRef = 2012AFAE1E4B85CA00BBA61C /* OTTAnalyticsPluginTest.swift */; };
		2012AFB21E4B860B00BBA61C /* PhoenixPluginTest.swift in Sources */ = {isa = PBXBuildFile; fileRef = 2012AFB11E4B860B00BBA61C /* PhoenixPluginTest.swift */; };
		2012AFB41E4B872300BBA61C /* PlayerCreator.swift in Sources */ = {isa = PBXBuildFile; fileRef = 2012AFB31E4B872300BBA61C /* PlayerCreator.swift */; };
		20CD64591E4C9697002C9401 /* PluginTestConfiguration.swift in Sources */ = {isa = PBXBuildFile; fileRef = 20CD64581E4C9697002C9401 /* PluginTestConfiguration.swift */; };
		49AD556D5A90D82F391750B8 /* Pods_PlayKit_PlayKit_Example.framework in Frameworks */ = {isa = PBXBuildFile; fileRef = 9BF84E8D861C5637BA8624EE /* Pods_PlayKit_PlayKit_Example.framework */; };
		607FACD61AFB9204008FA782 /* AppDelegate.swift in Sources */ = {isa = PBXBuildFile; fileRef = 607FACD51AFB9204008FA782 /* AppDelegate.swift */; };
		607FACD81AFB9204008FA782 /* ViewController.swift in Sources */ = {isa = PBXBuildFile; fileRef = 607FACD71AFB9204008FA782 /* ViewController.swift */; };
		607FACDB1AFB9204008FA782 /* Main.storyboard in Resources */ = {isa = PBXBuildFile; fileRef = 607FACD91AFB9204008FA782 /* Main.storyboard */; };
		607FACDD1AFB9204008FA782 /* Images.xcassets in Resources */ = {isa = PBXBuildFile; fileRef = 607FACDC1AFB9204008FA782 /* Images.xcassets */; };
		607FACE01AFB9204008FA782 /* LaunchScreen.xib in Resources */ = {isa = PBXBuildFile; fileRef = 607FACDE1AFB9204008FA782 /* LaunchScreen.xib */; };
		608BDC243A1EB15785E47C80 /* Pods_PlayKit_PlayKit_Tests.framework in Frameworks */ = {isa = PBXBuildFile; fileRef = BE76A2A9EC2DDAC016A40200 /* Pods_PlayKit_PlayKit_Tests.framework */; };
		8460889C1DD1AB1A009E0E7A /* Entries.json in Resources */ = {isa = PBXBuildFile; fileRef = 8460889B1DD1AB1A009E0E7A /* Entries.json */; };
		BF5C80821DF0E36500D3E665 /* MessegeBusTest.swift in Sources */ = {isa = PBXBuildFile; fileRef = BF5C80811DF0E36500D3E665 /* MessegeBusTest.swift */; };
		C23A62D11DF413FF00635FA2 /* MockMediaProviderTest.swift in Sources */ = {isa = PBXBuildFile; fileRef = C23A62C91DF412FD00635FA2 /* MockMediaProviderTest.swift */; };
		C23A62D21DF4140B00635FA2 /* PhoenixMediaProviderTest.swift in Sources */ = {isa = PBXBuildFile; fileRef = C23A62CA1DF412FD00635FA2 /* PhoenixMediaProviderTest.swift */; };
		C23A62D41DF4141000635FA2 /* MediaEntryProviderMock.swift in Sources */ = {isa = PBXBuildFile; fileRef = C23A62CF1DF4131700635FA2 /* MediaEntryProviderMock.swift */; };
		C24770AD1DEDE72F00E37C89 /* ovp.multirequest._.1_1h1vsv3z.json in Resources */ = {isa = PBXBuildFile; fileRef = C24770AC1DEDE72F00E37C89 /* ovp.multirequest._.1_1h1vsv3z.json */; };
		C24770B01DEDF36900E37C89 /* ovp.multirequest._.1_1h1vsv3z.json in Resources */ = {isa = PBXBuildFile; fileRef = C24770AC1DEDE72F00E37C89 /* ovp.multirequest._.1_1h1vsv3z.json */; };
		C2D803211E6C091600A3DE15 /* OVPMediaProviederTest.swift in Sources */ = {isa = PBXBuildFile; fileRef = C23A62CB1DF412FD00635FA2 /* OVPMediaProviederTest.swift */; };
		C2D803221E6C09CF00A3DE15 /* SourceSelectorTest.swift in Sources */ = {isa = PBXBuildFile; fileRef = FB09C99B1E28072900D3671F /* SourceSelectorTest.swift */; };
		C63FA2B01DF3F854004030E0 /* PlayerControllerTest.swift in Sources */ = {isa = PBXBuildFile; fileRef = C63FA2AE1DF3F854004030E0 /* PlayerControllerTest.swift */; };
/* End PBXBuildFile section */

/* Begin PBXContainerItemProxy section */
		607FACE61AFB9204008FA782 /* PBXContainerItemProxy */ = {
			isa = PBXContainerItemProxy;
			containerPortal = 607FACC81AFB9204008FA782 /* Project object */;
			proxyType = 1;
			remoteGlobalIDString = 607FACCF1AFB9204008FA782;
			remoteInfo = PlayKit;
		};
/* End PBXContainerItemProxy section */

/* Begin PBXFileReference section */
		2012AFAB1E4B56D200BBA61C /* big_buck_bunny_short.mp4 */ = {isa = PBXFileReference; lastKnownFileType = file; path = big_buck_bunny_short.mp4; sourceTree = "<group>"; };
		2012AFAE1E4B85CA00BBA61C /* OTTAnalyticsPluginTest.swift */ = {isa = PBXFileReference; fileEncoding = 4; lastKnownFileType = sourcecode.swift; path = OTTAnalyticsPluginTest.swift; sourceTree = "<group>"; };
		2012AFB11E4B860B00BBA61C /* PhoenixPluginTest.swift */ = {isa = PBXFileReference; fileEncoding = 4; lastKnownFileType = sourcecode.swift; name = PhoenixPluginTest.swift; path = Phoenix/PhoenixPluginTest.swift; sourceTree = "<group>"; };
		2012AFB31E4B872300BBA61C /* PlayerCreator.swift */ = {isa = PBXFileReference; fileEncoding = 4; lastKnownFileType = sourcecode.swift; path = PlayerCreator.swift; sourceTree = "<group>"; };
		20CD64581E4C9697002C9401 /* PluginTestConfiguration.swift */ = {isa = PBXFileReference; fileEncoding = 4; lastKnownFileType = sourcecode.swift; path = PluginTestConfiguration.swift; sourceTree = "<group>"; };
		347179E45954932C0B17A1AF /* README.md */ = {isa = PBXFileReference; includeInIndex = 1; lastKnownFileType = net.daringfireball.markdown; name = README.md; path = ../README.md; sourceTree = "<group>"; };
		349AFD3D2D9F85463A6A0F41 /* LICENSE */ = {isa = PBXFileReference; includeInIndex = 1; lastKnownFileType = text; name = LICENSE; path = ../LICENSE; sourceTree = "<group>"; };
		45A6ED5153A41479610084F1 /* PlayKit.podspec */ = {isa = PBXFileReference; includeInIndex = 1; lastKnownFileType = text; name = PlayKit.podspec; path = ../PlayKit.podspec; sourceTree = "<group>"; };
		5C6C1B5684E828DF03386E55 /* Pods-PlayKit-PlayKit_Example.release.xcconfig */ = {isa = PBXFileReference; includeInIndex = 1; lastKnownFileType = text.xcconfig; name = "Pods-PlayKit-PlayKit_Example.release.xcconfig"; path = "Pods/Target Support Files/Pods-PlayKit-PlayKit_Example/Pods-PlayKit-PlayKit_Example.release.xcconfig"; sourceTree = "<group>"; };
		607FACD01AFB9204008FA782 /* PlayKit_Example.app */ = {isa = PBXFileReference; explicitFileType = wrapper.application; includeInIndex = 0; path = PlayKit_Example.app; sourceTree = BUILT_PRODUCTS_DIR; };
		607FACD41AFB9204008FA782 /* Info.plist */ = {isa = PBXFileReference; lastKnownFileType = text.plist.xml; path = Info.plist; sourceTree = "<group>"; };
		607FACD51AFB9204008FA782 /* AppDelegate.swift */ = {isa = PBXFileReference; lastKnownFileType = sourcecode.swift; path = AppDelegate.swift; sourceTree = "<group>"; };
		607FACD71AFB9204008FA782 /* ViewController.swift */ = {isa = PBXFileReference; lastKnownFileType = sourcecode.swift; path = ViewController.swift; sourceTree = "<group>"; };
		607FACDA1AFB9204008FA782 /* Base */ = {isa = PBXFileReference; lastKnownFileType = file.storyboard; name = Base; path = Base.lproj/Main.storyboard; sourceTree = "<group>"; };
		607FACDC1AFB9204008FA782 /* Images.xcassets */ = {isa = PBXFileReference; lastKnownFileType = folder.assetcatalog; path = Images.xcassets; sourceTree = "<group>"; };
		607FACDF1AFB9204008FA782 /* Base */ = {isa = PBXFileReference; lastKnownFileType = file.xib; name = Base; path = Base.lproj/LaunchScreen.xib; sourceTree = "<group>"; };
		607FACE51AFB9204008FA782 /* PlayKit_Tests.xctest */ = {isa = PBXFileReference; explicitFileType = wrapper.cfbundle; includeInIndex = 0; path = PlayKit_Tests.xctest; sourceTree = BUILT_PRODUCTS_DIR; };
		607FACEA1AFB9204008FA782 /* Info.plist */ = {isa = PBXFileReference; lastKnownFileType = text.plist.xml; path = Info.plist; sourceTree = "<group>"; };
		8460889B1DD1AB1A009E0E7A /* Entries.json */ = {isa = PBXFileReference; fileEncoding = 4; lastKnownFileType = text.json; path = Entries.json; sourceTree = "<group>"; };
		94FC39BB3975D26F28B5A473 /* Pods-PlayKit-PlayKit_Example.debug.xcconfig */ = {isa = PBXFileReference; includeInIndex = 1; lastKnownFileType = text.xcconfig; name = "Pods-PlayKit-PlayKit_Example.debug.xcconfig"; path = "Pods/Target Support Files/Pods-PlayKit-PlayKit_Example/Pods-PlayKit-PlayKit_Example.debug.xcconfig"; sourceTree = "<group>"; };
		9BF84E8D861C5637BA8624EE /* Pods_PlayKit_PlayKit_Example.framework */ = {isa = PBXFileReference; explicitFileType = wrapper.framework; includeInIndex = 0; path = Pods_PlayKit_PlayKit_Example.framework; sourceTree = BUILT_PRODUCTS_DIR; };
		9EB557AA5D4017F3D9667F25 /* Pods-PlayKit-PlayKit_Tests.debug.xcconfig */ = {isa = PBXFileReference; includeInIndex = 1; lastKnownFileType = text.xcconfig; name = "Pods-PlayKit-PlayKit_Tests.debug.xcconfig"; path = "Pods/Target Support Files/Pods-PlayKit-PlayKit_Tests/Pods-PlayKit-PlayKit_Tests.debug.xcconfig"; sourceTree = "<group>"; };
		B6357392C349F8B33892AE33 /* Pods-PlayKit-PlayKit_Tests.release.xcconfig */ = {isa = PBXFileReference; includeInIndex = 1; lastKnownFileType = text.xcconfig; name = "Pods-PlayKit-PlayKit_Tests.release.xcconfig"; path = "Pods/Target Support Files/Pods-PlayKit-PlayKit_Tests/Pods-PlayKit-PlayKit_Tests.release.xcconfig"; sourceTree = "<group>"; };
		BE76A2A9EC2DDAC016A40200 /* Pods_PlayKit_PlayKit_Tests.framework */ = {isa = PBXFileReference; explicitFileType = wrapper.framework; includeInIndex = 0; path = Pods_PlayKit_PlayKit_Tests.framework; sourceTree = BUILT_PRODUCTS_DIR; };
		BF5C80811DF0E36500D3E665 /* MessegeBusTest.swift */ = {isa = PBXFileReference; fileEncoding = 4; lastKnownFileType = sourcecode.swift; path = MessegeBusTest.swift; sourceTree = "<group>"; };
		C23A62C91DF412FD00635FA2 /* MockMediaProviderTest.swift */ = {isa = PBXFileReference; fileEncoding = 4; lastKnownFileType = sourcecode.swift; path = MockMediaProviderTest.swift; sourceTree = "<group>"; };
		C23A62CA1DF412FD00635FA2 /* PhoenixMediaProviderTest.swift */ = {isa = PBXFileReference; fileEncoding = 4; lastKnownFileType = sourcecode.swift; path = PhoenixMediaProviderTest.swift; sourceTree = "<group>"; };
		C23A62CB1DF412FD00635FA2 /* OVPMediaProviederTest.swift */ = {isa = PBXFileReference; fileEncoding = 4; lastKnownFileType = sourcecode.swift; path = OVPMediaProviederTest.swift; sourceTree = "<group>"; };
		C23A62CF1DF4131700635FA2 /* MediaEntryProviderMock.swift */ = {isa = PBXFileReference; fileEncoding = 4; lastKnownFileType = sourcecode.swift; path = MediaEntryProviderMock.swift; sourceTree = "<group>"; };
		C24770AC1DEDE72F00E37C89 /* ovp.multirequest._.1_1h1vsv3z.json */ = {isa = PBXFileReference; fileEncoding = 4; lastKnownFileType = text.json; path = ovp.multirequest._.1_1h1vsv3z.json; sourceTree = "<group>"; };
		C63FA2AE1DF3F854004030E0 /* PlayerControllerTest.swift */ = {isa = PBXFileReference; fileEncoding = 4; lastKnownFileType = sourcecode.swift; path = PlayerControllerTest.swift; sourceTree = "<group>"; };
		FB09C99B1E28072900D3671F /* SourceSelectorTest.swift */ = {isa = PBXFileReference; fileEncoding = 4; lastKnownFileType = sourcecode.swift; path = SourceSelectorTest.swift; sourceTree = "<group>"; };
/* End PBXFileReference section */

/* Begin PBXFrameworksBuildPhase section */
		607FACCD1AFB9204008FA782 /* Frameworks */ = {
			isa = PBXFrameworksBuildPhase;
			buildActionMask = 2147483647;
			files = (
				49AD556D5A90D82F391750B8 /* Pods_PlayKit_PlayKit_Example.framework in Frameworks */,
			);
			runOnlyForDeploymentPostprocessing = 0;
		};
		607FACE21AFB9204008FA782 /* Frameworks */ = {
			isa = PBXFrameworksBuildPhase;
			buildActionMask = 2147483647;
			files = (
				608BDC243A1EB15785E47C80 /* Pods_PlayKit_PlayKit_Tests.framework in Frameworks */,
			);
			runOnlyForDeploymentPostprocessing = 0;
		};
/* End PBXFrameworksBuildPhase section */

/* Begin PBXGroup section */
		2012AFA91E4B56D200BBA61C /* Resources */ = {
			isa = PBXGroup;
			children = (
				2012AFAA1E4B56D200BBA61C /* Video */,
			);
			path = Resources;
			sourceTree = "<group>";
		};
		2012AFAA1E4B56D200BBA61C /* Video */ = {
			isa = PBXGroup;
			children = (
				2012AFAB1E4B56D200BBA61C /* big_buck_bunny_short.mp4 */,
			);
			path = Video;
			sourceTree = "<group>";
		};
		2012AFAD1E4B85CA00BBA61C /* Analytics */ = {
			isa = PBXGroup;
			children = (
				2012AFAE1E4B85CA00BBA61C /* OTTAnalyticsPluginTest.swift */,
				2012AFB01E4B85D600BBA61C /* Phoenix */,
			);
			path = Analytics;
			sourceTree = "<group>";
		};
		2012AFB01E4B85D600BBA61C /* Phoenix */ = {
			isa = PBXGroup;
			children = (
				2012AFB11E4B860B00BBA61C /* PhoenixPluginTest.swift */,
			);
			name = Phoenix;
			sourceTree = "<group>";
		};
		20CD64571E4C9697002C9401 /* Helpers */ = {
			isa = PBXGroup;
			children = (
				20CD64581E4C9697002C9401 /* PluginTestConfiguration.swift */,
			);
			path = Helpers;
			sourceTree = "<group>";
		};
		607FACC71AFB9204008FA782 = {
			isa = PBXGroup;
			children = (
				846088981DD1AADA009E0E7A /* Sources */,
				607FACF51AFB993E008FA782 /* Podspec Metadata */,
				607FACD21AFB9204008FA782 /* Example for PlayKit */,
				607FACE81AFB9204008FA782 /* Tests */,
				607FACD11AFB9204008FA782 /* Products */,
				E927D97FFF1E38C30E74E325 /* Frameworks */,
				67D95A4D82926185B070426F /* Pods */,
			);
			sourceTree = "<group>";
		};
		607FACD11AFB9204008FA782 /* Products */ = {
			isa = PBXGroup;
			children = (
				607FACD01AFB9204008FA782 /* PlayKit_Example.app */,
				607FACE51AFB9204008FA782 /* PlayKit_Tests.xctest */,
			);
			name = Products;
			sourceTree = "<group>";
		};
		607FACD21AFB9204008FA782 /* Example for PlayKit */ = {
			isa = PBXGroup;
			children = (
				607FACD51AFB9204008FA782 /* AppDelegate.swift */,
				607FACD71AFB9204008FA782 /* ViewController.swift */,
				607FACD91AFB9204008FA782 /* Main.storyboard */,
				607FACDC1AFB9204008FA782 /* Images.xcassets */,
				607FACDE1AFB9204008FA782 /* LaunchScreen.xib */,
				607FACD31AFB9204008FA782 /* Supporting Files */,
			);
			name = "Example for PlayKit";
			path = PlayKit;
			sourceTree = "<group>";
		};
		607FACD31AFB9204008FA782 /* Supporting Files */ = {
			isa = PBXGroup;
			children = (
				607FACD41AFB9204008FA782 /* Info.plist */,
			);
			name = "Supporting Files";
			sourceTree = "<group>";
		};
		607FACE81AFB9204008FA782 /* Tests */ = {
			isa = PBXGroup;
			children = (
				2012AFB31E4B872300BBA61C /* PlayerCreator.swift */,
				20CD64571E4C9697002C9401 /* Helpers */,
				2012AFAD1E4B85CA00BBA61C /* Analytics */,
				2012AFA91E4B56D200BBA61C /* Resources */,
				C23A62C81DF412FD00635FA2 /* MediaEntryProvider */,
				C63FA2AE1DF3F854004030E0 /* PlayerControllerTest.swift */,
				BF5C80811DF0E36500D3E665 /* MessegeBusTest.swift */,
				FB09C99B1E28072900D3671F /* SourceSelectorTest.swift */,
				607FACE91AFB9204008FA782 /* Supporting Files */,
			);
			path = Tests;
			sourceTree = "<group>";
		};
		607FACE91AFB9204008FA782 /* Supporting Files */ = {
			isa = PBXGroup;
			children = (
				607FACEA1AFB9204008FA782 /* Info.plist */,
			);
			name = "Supporting Files";
			sourceTree = "<group>";
		};
		607FACF51AFB993E008FA782 /* Podspec Metadata */ = {
			isa = PBXGroup;
			children = (
				45A6ED5153A41479610084F1 /* PlayKit.podspec */,
				347179E45954932C0B17A1AF /* README.md */,
				349AFD3D2D9F85463A6A0F41 /* LICENSE */,
			);
			name = "Podspec Metadata";
			sourceTree = "<group>";
		};
		67D95A4D82926185B070426F /* Pods */ = {
			isa = PBXGroup;
			children = (
				94FC39BB3975D26F28B5A473 /* Pods-PlayKit-PlayKit_Example.debug.xcconfig */,
				5C6C1B5684E828DF03386E55 /* Pods-PlayKit-PlayKit_Example.release.xcconfig */,
				9EB557AA5D4017F3D9667F25 /* Pods-PlayKit-PlayKit_Tests.debug.xcconfig */,
				B6357392C349F8B33892AE33 /* Pods-PlayKit-PlayKit_Tests.release.xcconfig */,
			);
			name = Pods;
			sourceTree = "<group>";
		};
		846088981DD1AADA009E0E7A /* Sources */ = {
			isa = PBXGroup;
			children = (
				8460889B1DD1AB1A009E0E7A /* Entries.json */,
				C24770AC1DEDE72F00E37C89 /* ovp.multirequest._.1_1h1vsv3z.json */,
			);
			path = Sources;
			sourceTree = "<group>";
		};
		C23A62C81DF412FD00635FA2 /* MediaEntryProvider */ = {
			isa = PBXGroup;
			children = (
				C23A62C91DF412FD00635FA2 /* MockMediaProviderTest.swift */,
				C23A62CA1DF412FD00635FA2 /* PhoenixMediaProviderTest.swift */,
				C23A62CB1DF412FD00635FA2 /* OVPMediaProviederTest.swift */,
				C23A62CF1DF4131700635FA2 /* MediaEntryProviderMock.swift */,
			);
			path = MediaEntryProvider;
			sourceTree = "<group>";
		};
		E927D97FFF1E38C30E74E325 /* Frameworks */ = {
			isa = PBXGroup;
			children = (
				9BF84E8D861C5637BA8624EE /* Pods_PlayKit_PlayKit_Example.framework */,
				BE76A2A9EC2DDAC016A40200 /* Pods_PlayKit_PlayKit_Tests.framework */,
			);
			name = Frameworks;
			sourceTree = "<group>";
		};
/* End PBXGroup section */

/* Begin PBXNativeTarget section */
		607FACCF1AFB9204008FA782 /* PlayKit_Example */ = {
			isa = PBXNativeTarget;
			buildConfigurationList = 607FACEF1AFB9204008FA782 /* Build configuration list for PBXNativeTarget "PlayKit_Example" */;
			buildPhases = (
				E34578C31E296D0B81446FF1 /* [CP] Check Pods Manifest.lock */,
				607FACCC1AFB9204008FA782 /* Sources */,
				607FACCD1AFB9204008FA782 /* Frameworks */,
				607FACCE1AFB9204008FA782 /* Resources */,
				7A881257393B54AEAE0C3921 /* [CP] Embed Pods Frameworks */,
				CE7C2C52A8072495CF2EA38B /* [CP] Copy Pods Resources */,
			);
			buildRules = (
			);
			dependencies = (
			);
			name = PlayKit_Example;
			productName = PlayKit;
			productReference = 607FACD01AFB9204008FA782 /* PlayKit_Example.app */;
			productType = "com.apple.product-type.application";
		};
		607FACE41AFB9204008FA782 /* PlayKit_Tests */ = {
			isa = PBXNativeTarget;
			buildConfigurationList = 607FACF21AFB9204008FA782 /* Build configuration list for PBXNativeTarget "PlayKit_Tests" */;
			buildPhases = (
				1F1EB354A76C24C78E02A4D4 /* [CP] Check Pods Manifest.lock */,
				607FACE11AFB9204008FA782 /* Sources */,
				607FACE21AFB9204008FA782 /* Frameworks */,
				607FACE31AFB9204008FA782 /* Resources */,
				9540D9F4804C3D964E57CA93 /* [CP] Embed Pods Frameworks */,
				1877AC6D640E4B5F1F63EAAD /* [CP] Copy Pods Resources */,
			);
			buildRules = (
			);
			dependencies = (
				607FACE71AFB9204008FA782 /* PBXTargetDependency */,
			);
			name = PlayKit_Tests;
			productName = Tests;
			productReference = 607FACE51AFB9204008FA782 /* PlayKit_Tests.xctest */;
			productType = "com.apple.product-type.bundle.unit-test";
		};
/* End PBXNativeTarget section */

/* Begin PBXProject section */
		607FACC81AFB9204008FA782 /* Project object */ = {
			isa = PBXProject;
			attributes = {
				LastSwiftUpdateCheck = 0720;
				LastUpgradeCheck = 0800;
				ORGANIZATIONNAME = CocoaPods;
				TargetAttributes = {
					607FACCF1AFB9204008FA782 = {
						CreatedOnToolsVersion = 6.3.1;
						DevelopmentTeam = X8RDCFJK95;
						LastSwiftMigration = 0800;
					};
					607FACE41AFB9204008FA782 = {
						CreatedOnToolsVersion = 6.3.1;
						LastSwiftMigration = 0800;
						TestTargetID = 607FACCF1AFB9204008FA782;
					};
				};
			};
			buildConfigurationList = 607FACCB1AFB9204008FA782 /* Build configuration list for PBXProject "PlayKit" */;
			compatibilityVersion = "Xcode 3.2";
			developmentRegion = English;
			hasScannedForEncodings = 0;
			knownRegions = (
				en,
				Base,
			);
			mainGroup = 607FACC71AFB9204008FA782;
			productRefGroup = 607FACD11AFB9204008FA782 /* Products */;
			projectDirPath = "";
			projectRoot = "";
			targets = (
				607FACCF1AFB9204008FA782 /* PlayKit_Example */,
				607FACE41AFB9204008FA782 /* PlayKit_Tests */,
			);
		};
/* End PBXProject section */

/* Begin PBXResourcesBuildPhase section */
		607FACCE1AFB9204008FA782 /* Resources */ = {
			isa = PBXResourcesBuildPhase;
			buildActionMask = 2147483647;
			files = (
				C24770AD1DEDE72F00E37C89 /* ovp.multirequest._.1_1h1vsv3z.json in Resources */,
				607FACDB1AFB9204008FA782 /* Main.storyboard in Resources */,
				607FACE01AFB9204008FA782 /* LaunchScreen.xib in Resources */,
				8460889C1DD1AB1A009E0E7A /* Entries.json in Resources */,
				607FACDD1AFB9204008FA782 /* Images.xcassets in Resources */,
			);
			runOnlyForDeploymentPostprocessing = 0;
		};
		607FACE31AFB9204008FA782 /* Resources */ = {
			isa = PBXResourcesBuildPhase;
			buildActionMask = 2147483647;
			files = (
				C24770B01DEDF36900E37C89 /* ovp.multirequest._.1_1h1vsv3z.json in Resources */,
				2012AFAC1E4B56D200BBA61C /* big_buck_bunny_short.mp4 in Resources */,
			);
			runOnlyForDeploymentPostprocessing = 0;
		};
/* End PBXResourcesBuildPhase section */

/* Begin PBXShellScriptBuildPhase section */
		1877AC6D640E4B5F1F63EAAD /* [CP] Copy Pods Resources */ = {
			isa = PBXShellScriptBuildPhase;
			buildActionMask = 2147483647;
			files = (
			);
			inputPaths = (
			);
			name = "[CP] Copy Pods Resources";
			outputPaths = (
			);
			runOnlyForDeploymentPostprocessing = 0;
			shellPath = /bin/sh;
			shellScript = "\"${SRCROOT}/Pods/Target Support Files/Pods-PlayKit-PlayKit_Tests/Pods-PlayKit-PlayKit_Tests-resources.sh\"\n";
			showEnvVarsInLog = 0;
		};
		1F1EB354A76C24C78E02A4D4 /* [CP] Check Pods Manifest.lock */ = {
			isa = PBXShellScriptBuildPhase;
			buildActionMask = 2147483647;
			files = (
			);
			inputPaths = (
			);
			name = "[CP] Check Pods Manifest.lock";
			outputPaths = (
			);
			runOnlyForDeploymentPostprocessing = 0;
			shellPath = /bin/sh;
			shellScript = "diff \"${PODS_ROOT}/../Podfile.lock\" \"${PODS_ROOT}/Manifest.lock\" > /dev/null\nif [ $? != 0 ] ; then\n    # print error to STDERR\n    echo \"error: The sandbox is not in sync with the Podfile.lock. Run 'pod install' or update your CocoaPods installation.\" >&2\n    exit 1\nfi\n";
			showEnvVarsInLog = 0;
		};
		7A881257393B54AEAE0C3921 /* [CP] Embed Pods Frameworks */ = {
			isa = PBXShellScriptBuildPhase;
			buildActionMask = 2147483647;
			files = (
			);
			inputPaths = (
			);
			name = "[CP] Embed Pods Frameworks";
			outputPaths = (
			);
			runOnlyForDeploymentPostprocessing = 0;
			shellPath = /bin/sh;
			shellScript = "\"${SRCROOT}/Pods/Target Support Files/Pods-PlayKit-PlayKit_Example/Pods-PlayKit-PlayKit_Example-frameworks.sh\"\n";
			showEnvVarsInLog = 0;
		};
		9540D9F4804C3D964E57CA93 /* [CP] Embed Pods Frameworks */ = {
			isa = PBXShellScriptBuildPhase;
			buildActionMask = 2147483647;
			files = (
			);
			inputPaths = (
			);
			name = "[CP] Embed Pods Frameworks";
			outputPaths = (
			);
			runOnlyForDeploymentPostprocessing = 0;
			shellPath = /bin/sh;
			shellScript = "\"${SRCROOT}/Pods/Target Support Files/Pods-PlayKit-PlayKit_Tests/Pods-PlayKit-PlayKit_Tests-frameworks.sh\"\n";
			showEnvVarsInLog = 0;
		};
		CE7C2C52A8072495CF2EA38B /* [CP] Copy Pods Resources */ = {
			isa = PBXShellScriptBuildPhase;
			buildActionMask = 2147483647;
			files = (
			);
			inputPaths = (
			);
			name = "[CP] Copy Pods Resources";
			outputPaths = (
			);
			runOnlyForDeploymentPostprocessing = 0;
			shellPath = /bin/sh;
			shellScript = "\"${SRCROOT}/Pods/Target Support Files/Pods-PlayKit-PlayKit_Example/Pods-PlayKit-PlayKit_Example-resources.sh\"\n";
			showEnvVarsInLog = 0;
		};
		E34578C31E296D0B81446FF1 /* [CP] Check Pods Manifest.lock */ = {
			isa = PBXShellScriptBuildPhase;
			buildActionMask = 2147483647;
			files = (
			);
			inputPaths = (
			);
			name = "[CP] Check Pods Manifest.lock";
			outputPaths = (
			);
			runOnlyForDeploymentPostprocessing = 0;
			shellPath = /bin/sh;
			shellScript = "diff \"${PODS_ROOT}/../Podfile.lock\" \"${PODS_ROOT}/Manifest.lock\" > /dev/null\nif [ $? != 0 ] ; then\n    # print error to STDERR\n    echo \"error: The sandbox is not in sync with the Podfile.lock. Run 'pod install' or update your CocoaPods installation.\" >&2\n    exit 1\nfi\n";
			showEnvVarsInLog = 0;
		};
/* End PBXShellScriptBuildPhase section */

/* Begin PBXSourcesBuildPhase section */
		607FACCC1AFB9204008FA782 /* Sources */ = {
			isa = PBXSourcesBuildPhase;
			buildActionMask = 2147483647;
			files = (
				607FACD81AFB9204008FA782 /* ViewController.swift in Sources */,
				607FACD61AFB9204008FA782 /* AppDelegate.swift in Sources */,
			);
			runOnlyForDeploymentPostprocessing = 0;
		};
		607FACE11AFB9204008FA782 /* Sources */ = {
			isa = PBXSourcesBuildPhase;
			buildActionMask = 2147483647;
			files = (
				C23A62D41DF4141000635FA2 /* MediaEntryProviderMock.swift in Sources */,
				C23A62D11DF413FF00635FA2 /* MockMediaProviderTest.swift in Sources */,
				C2D803211E6C091600A3DE15 /* OVPMediaProviederTest.swift in Sources */,
				20CD64591E4C9697002C9401 /* PluginTestConfiguration.swift in Sources */,
				C63FA2B01DF3F854004030E0 /* PlayerControllerTest.swift in Sources */,
				C2D803221E6C09CF00A3DE15 /* SourceSelectorTest.swift in Sources */,
				2012AFB21E4B860B00BBA61C /* PhoenixPluginTest.swift in Sources */,
				BF5C80821DF0E36500D3E665 /* MessegeBusTest.swift in Sources */,
				2012AFB41E4B872300BBA61C /* PlayerCreator.swift in Sources */,
				C23A62D21DF4140B00635FA2 /* PhoenixMediaProviderTest.swift in Sources */,
				2012AFAF1E4B85CA00BBA61C /* OTTAnalyticsPluginTest.swift in Sources */,
			);
			runOnlyForDeploymentPostprocessing = 0;
		};
/* End PBXSourcesBuildPhase section */

/* Begin PBXTargetDependency section */
		607FACE71AFB9204008FA782 /* PBXTargetDependency */ = {
			isa = PBXTargetDependency;
			target = 607FACCF1AFB9204008FA782 /* PlayKit_Example */;
			targetProxy = 607FACE61AFB9204008FA782 /* PBXContainerItemProxy */;
		};
/* End PBXTargetDependency section */

/* Begin PBXVariantGroup section */
		607FACD91AFB9204008FA782 /* Main.storyboard */ = {
			isa = PBXVariantGroup;
			children = (
				607FACDA1AFB9204008FA782 /* Base */,
			);
			name = Main.storyboard;
			sourceTree = "<group>";
		};
		607FACDE1AFB9204008FA782 /* LaunchScreen.xib */ = {
			isa = PBXVariantGroup;
			children = (
				607FACDF1AFB9204008FA782 /* Base */,
			);
			name = LaunchScreen.xib;
			sourceTree = "<group>";
		};
/* End PBXVariantGroup section */

/* Begin XCBuildConfiguration section */
		607FACED1AFB9204008FA782 /* Debug */ = {
			isa = XCBuildConfiguration;
			buildSettings = {
				ALWAYS_SEARCH_USER_PATHS = NO;
				CLANG_CXX_LANGUAGE_STANDARD = "gnu++0x";
				CLANG_CXX_LIBRARY = "libc++";
				CLANG_ENABLE_MODULES = YES;
				CLANG_ENABLE_OBJC_ARC = YES;
				CLANG_WARN_BOOL_CONVERSION = YES;
				CLANG_WARN_CONSTANT_CONVERSION = YES;
				CLANG_WARN_DIRECT_OBJC_ISA_USAGE = YES_ERROR;
				CLANG_WARN_EMPTY_BODY = YES;
				CLANG_WARN_ENUM_CONVERSION = YES;
				CLANG_WARN_INFINITE_RECURSION = YES;
				CLANG_WARN_INT_CONVERSION = YES;
				CLANG_WARN_OBJC_ROOT_CLASS = YES_ERROR;
				CLANG_WARN_SUSPICIOUS_MOVE = YES;
				CLANG_WARN_UNREACHABLE_CODE = YES;
				CLANG_WARN__DUPLICATE_METHOD_MATCH = YES;
				"CODE_SIGN_IDENTITY[sdk=iphoneos*]" = "iPhone Developer";
				COPY_PHASE_STRIP = NO;
				DEBUG_INFORMATION_FORMAT = "dwarf-with-dsym";
				ENABLE_STRICT_OBJC_MSGSEND = YES;
				ENABLE_TESTABILITY = YES;
				GCC_C_LANGUAGE_STANDARD = gnu99;
				GCC_DYNAMIC_NO_PIC = NO;
				GCC_NO_COMMON_BLOCKS = YES;
				GCC_OPTIMIZATION_LEVEL = 0;
				GCC_PREPROCESSOR_DEFINITIONS = (
					"DEBUG=1",
					"$(inherited)",
				);
				GCC_SYMBOLS_PRIVATE_EXTERN = NO;
				GCC_WARN_64_TO_32_BIT_CONVERSION = YES;
				GCC_WARN_ABOUT_RETURN_TYPE = YES_ERROR;
				GCC_WARN_UNDECLARED_SELECTOR = YES;
				GCC_WARN_UNINITIALIZED_AUTOS = YES_AGGRESSIVE;
				GCC_WARN_UNUSED_FUNCTION = YES;
				GCC_WARN_UNUSED_VARIABLE = YES;
				IPHONEOS_DEPLOYMENT_TARGET = 8.3;
				MTL_ENABLE_DEBUG_INFO = YES;
				ONLY_ACTIVE_ARCH = YES;
				SDKROOT = iphoneos;
				SWIFT_OPTIMIZATION_LEVEL = "-Onone";
			};
			name = Debug;
		};
		607FACEE1AFB9204008FA782 /* Release */ = {
			isa = XCBuildConfiguration;
			buildSettings = {
				ALWAYS_SEARCH_USER_PATHS = NO;
				CLANG_CXX_LANGUAGE_STANDARD = "gnu++0x";
				CLANG_CXX_LIBRARY = "libc++";
				CLANG_ENABLE_MODULES = YES;
				CLANG_ENABLE_OBJC_ARC = YES;
				CLANG_WARN_BOOL_CONVERSION = YES;
				CLANG_WARN_CONSTANT_CONVERSION = YES;
				CLANG_WARN_DIRECT_OBJC_ISA_USAGE = YES_ERROR;
				CLANG_WARN_EMPTY_BODY = YES;
				CLANG_WARN_ENUM_CONVERSION = YES;
				CLANG_WARN_INFINITE_RECURSION = YES;
				CLANG_WARN_INT_CONVERSION = YES;
				CLANG_WARN_OBJC_ROOT_CLASS = YES_ERROR;
				CLANG_WARN_SUSPICIOUS_MOVE = YES;
				CLANG_WARN_UNREACHABLE_CODE = YES;
				CLANG_WARN__DUPLICATE_METHOD_MATCH = YES;
				"CODE_SIGN_IDENTITY[sdk=iphoneos*]" = "iPhone Developer";
				COPY_PHASE_STRIP = NO;
				DEBUG_INFORMATION_FORMAT = "dwarf-with-dsym";
				ENABLE_NS_ASSERTIONS = NO;
				ENABLE_STRICT_OBJC_MSGSEND = YES;
				GCC_C_LANGUAGE_STANDARD = gnu99;
				GCC_NO_COMMON_BLOCKS = YES;
				GCC_WARN_64_TO_32_BIT_CONVERSION = YES;
				GCC_WARN_ABOUT_RETURN_TYPE = YES_ERROR;
				GCC_WARN_UNDECLARED_SELECTOR = YES;
				GCC_WARN_UNINITIALIZED_AUTOS = YES_AGGRESSIVE;
				GCC_WARN_UNUSED_FUNCTION = YES;
				GCC_WARN_UNUSED_VARIABLE = YES;
				IPHONEOS_DEPLOYMENT_TARGET = 8.3;
				MTL_ENABLE_DEBUG_INFO = NO;
				SDKROOT = iphoneos;
				SWIFT_OPTIMIZATION_LEVEL = "-Owholemodule";
				VALIDATE_PRODUCT = YES;
			};
			name = Release;
		};
		607FACF01AFB9204008FA782 /* Debug */ = {
			isa = XCBuildConfiguration;
			baseConfigurationReference = 94FC39BB3975D26F28B5A473 /* Pods-PlayKit-PlayKit_Example.debug.xcconfig */;
			buildSettings = {
				ASSETCATALOG_COMPILER_APPICON_NAME = AppIcon;
				DEFINES_MODULE = YES;
				DEPLOYMENT_POSTPROCESSING = YES;
				DEVELOPMENT_TEAM = X8RDCFJK95;
				GCC_GENERATE_DEBUGGING_SYMBOLS = NO;
				GCC_SYMBOLS_PRIVATE_EXTERN = YES;
				INFOPLIST_FILE = PlayKit/Info.plist;
				LD_RUNPATH_SEARCH_PATHS = "$(inherited) @executable_path/Frameworks";
				MODULE_NAME = ExampleApp;
				PRODUCT_BUNDLE_IDENTIFIER = com.kaltura.playkit;
				PRODUCT_NAME = "$(TARGET_NAME)";
				SWIFT_VERSION = 3.0;
			};
			name = Debug;
		};
		607FACF11AFB9204008FA782 /* Release */ = {
			isa = XCBuildConfiguration;
			baseConfigurationReference = 5C6C1B5684E828DF03386E55 /* Pods-PlayKit-PlayKit_Example.release.xcconfig */;
			buildSettings = {
				ASSETCATALOG_COMPILER_APPICON_NAME = AppIcon;
				DEFINES_MODULE = YES;
				DEPLOYMENT_POSTPROCESSING = YES;
				DEVELOPMENT_TEAM = X8RDCFJK95;
				GCC_GENERATE_DEBUGGING_SYMBOLS = NO;
				INFOPLIST_FILE = PlayKit/Info.plist;
				LD_RUNPATH_SEARCH_PATHS = "$(inherited) @executable_path/Frameworks";
				MODULE_NAME = ExampleApp;
				PRODUCT_BUNDLE_IDENTIFIER = com.kaltura.playkit;
				PRODUCT_NAME = "$(TARGET_NAME)";
				SWIFT_VERSION = 3.0;
			};
			name = Release;
		};
		607FACF31AFB9204008FA782 /* Debug */ = {
			isa = XCBuildConfiguration;
			baseConfigurationReference = 9EB557AA5D4017F3D9667F25 /* Pods-PlayKit-PlayKit_Tests.debug.xcconfig */;
			buildSettings = {
				DEPLOYMENT_POSTPROCESSING = YES;
				FRAMEWORK_SEARCH_PATHS = "$(inherited)";
				GCC_GENERATE_DEBUGGING_SYMBOLS = YES;
				GCC_PREPROCESSOR_DEFINITIONS = (
					"DEBUG=1",
					"$(inherited)",
				);
				GCC_SYMBOLS_PRIVATE_EXTERN = YES;
				INFOPLIST_FILE = Tests/Info.plist;
				LD_RUNPATH_SEARCH_PATHS = "$(inherited) @executable_path/Frameworks @loader_path/Frameworks";
				PRODUCT_NAME = "$(TARGET_NAME)";
				SWIFT_VERSION = 3.0;
				TEST_HOST = "$(BUILT_PRODUCTS_DIR)/PlayKit_Example.app/PlayKit_Example";
				WARNING_CFLAGS = "-Weverything";
			};
			name = Debug;
		};
		607FACF41AFB9204008FA782 /* Release */ = {
			isa = XCBuildConfiguration;
			baseConfigurationReference = B6357392C349F8B33892AE33 /* Pods-PlayKit-PlayKit_Tests.release.xcconfig */;
			buildSettings = {
				DEPLOYMENT_POSTPROCESSING = YES;
				FRAMEWORK_SEARCH_PATHS = "$(inherited)";
				GCC_GENERATE_DEBUGGING_SYMBOLS = YES;
				INFOPLIST_FILE = Tests/Info.plist;
				LD_RUNPATH_SEARCH_PATHS = "$(inherited) @executable_path/Frameworks @loader_path/Frameworks";
				PRODUCT_NAME = "$(TARGET_NAME)";
				SWIFT_VERSION = 3.0;
				TEST_HOST = "$(BUILT_PRODUCTS_DIR)/PlayKit_Example.app/PlayKit_Example";
				WARNING_CFLAGS = "-Weverything";
			};
			name = Release;
		};
/* End XCBuildConfiguration section */

/* Begin XCConfigurationList section */
		607FACCB1AFB9204008FA782 /* Build configuration list for PBXProject "PlayKit" */ = {
			isa = XCConfigurationList;
			buildConfigurations = (
				607FACED1AFB9204008FA782 /* Debug */,
				607FACEE1AFB9204008FA782 /* Release */,
			);
			defaultConfigurationIsVisible = 0;
			defaultConfigurationName = Release;
		};
		607FACEF1AFB9204008FA782 /* Build configuration list for PBXNativeTarget "PlayKit_Example" */ = {
			isa = XCConfigurationList;
			buildConfigurations = (
				607FACF01AFB9204008FA782 /* Debug */,
				607FACF11AFB9204008FA782 /* Release */,
			);
			defaultConfigurationIsVisible = 0;
			defaultConfigurationName = Release;
		};
		607FACF21AFB9204008FA782 /* Build configuration list for PBXNativeTarget "PlayKit_Tests" */ = {
			isa = XCConfigurationList;
			buildConfigurations = (
				607FACF31AFB9204008FA782 /* Debug */,
				607FACF41AFB9204008FA782 /* Release */,
			);
			defaultConfigurationIsVisible = 0;
			defaultConfigurationName = Release;
		};
/* End XCConfigurationList section */
	};
	rootObject = 607FACC81AFB9204008FA782 /* Project object */;
}
