// !$*UTF8*$!
{
	archiveVersion = 1;
	classes = {
	};
	objectVersion = 51;
	objects = {

/* Begin PBXBuildFile section */
		5B1B46BDDDAB739F804B2640 /* Pods_TestApp_v4_2.framework in Frameworks */ = {isa = PBXBuildFile; fileRef = 7FBCF00C666BD09FBF15A7E0 /* Pods_TestApp_v4_2.framework */; };
		A65DA935430C56D7ED67F2D8 /* Pods_TestApp_v5.framework in Frameworks */ = {isa = PBXBuildFile; fileRef = EB09EAF4BBA9C612F58F5BDD /* Pods_TestApp_v5.framework */; };
		CA80838B217C98CA00CDA95E /* AppDelegate.swift in Sources */ = {isa = PBXBuildFile; fileRef = CA80838A217C98CA00CDA95E /* AppDelegate.swift */; };
		CA80838D217C98CA00CDA95E /* ViewController.swift in Sources */ = {isa = PBXBuildFile; fileRef = CA80838C217C98CA00CDA95E /* ViewController.swift */; };
		CA808390217C98CA00CDA95E /* Main.storyboard in Resources */ = {isa = PBXBuildFile; fileRef = CA80838E217C98CA00CDA95E /* Main.storyboard */; };
		CA808392217C98CD00CDA95E /* Assets.xcassets in Resources */ = {isa = PBXBuildFile; fileRef = CA808391217C98CD00CDA95E /* Assets.xcassets */; };
		CA808395217C98CD00CDA95E /* LaunchScreen.storyboard in Resources */ = {isa = PBXBuildFile; fileRef = CA808393217C98CD00CDA95E /* LaunchScreen.storyboard */; };
		D204BC7E225DE887009C6115 /* ViewController.swift in Sources */ = {isa = PBXBuildFile; fileRef = CA80838C217C98CA00CDA95E /* ViewController.swift */; };
		D204BC7F225DE887009C6115 /* AppDelegate.swift in Sources */ = {isa = PBXBuildFile; fileRef = CA80838A217C98CA00CDA95E /* AppDelegate.swift */; };
		D204BC83225DE887009C6115 /* LaunchScreen.storyboard in Resources */ = {isa = PBXBuildFile; fileRef = CA808393217C98CD00CDA95E /* LaunchScreen.storyboard */; };
		D204BC84225DE887009C6115 /* Assets.xcassets in Resources */ = {isa = PBXBuildFile; fileRef = CA808391217C98CD00CDA95E /* Assets.xcassets */; };
		D204BC85225DE887009C6115 /* Main.storyboard in Resources */ = {isa = PBXBuildFile; fileRef = CA80838E217C98CA00CDA95E /* Main.storyboard */; };
		D204BC8F225E469D009C6115 /* Default-568h@2x.png in Resources */ = {isa = PBXBuildFile; fileRef = D204BC8E225E469D009C6115 /* Default-568h@2x.png */; };
/* End PBXBuildFile section */

/* Begin PBXFileReference section */
		3847C4AEDF5116778DB3C4C0 /* Pods-TestApp_v5.debug.xcconfig */ = {isa = PBXFileReference; includeInIndex = 1; lastKnownFileType = text.xcconfig; name = "Pods-TestApp_v5.debug.xcconfig"; path = "Target Support Files/Pods-TestApp_v5/Pods-TestApp_v5.debug.xcconfig"; sourceTree = "<group>"; };
		4FC462EAFFA9D4E595CD76CD /* Pods-TestApp_v4_2.debug.xcconfig */ = {isa = PBXFileReference; includeInIndex = 1; lastKnownFileType = text.xcconfig; name = "Pods-TestApp_v4_2.debug.xcconfig"; path = "Target Support Files/Pods-TestApp_v4_2/Pods-TestApp_v4_2.debug.xcconfig"; sourceTree = "<group>"; };
		7FBCF00C666BD09FBF15A7E0 /* Pods_TestApp_v4_2.framework */ = {isa = PBXFileReference; explicitFileType = wrapper.framework; includeInIndex = 0; path = Pods_TestApp_v4_2.framework; sourceTree = BUILT_PRODUCTS_DIR; };
		CA808387217C98CA00CDA95E /* TestApp_v4_2.app */ = {isa = PBXFileReference; explicitFileType = wrapper.application; includeInIndex = 0; path = TestApp_v4_2.app; sourceTree = BUILT_PRODUCTS_DIR; };
		CA80838A217C98CA00CDA95E /* AppDelegate.swift */ = {isa = PBXFileReference; lastKnownFileType = sourcecode.swift; path = AppDelegate.swift; sourceTree = "<group>"; };
		CA80838C217C98CA00CDA95E /* ViewController.swift */ = {isa = PBXFileReference; lastKnownFileType = sourcecode.swift; path = ViewController.swift; sourceTree = "<group>"; };
		CA80838F217C98CA00CDA95E /* Base */ = {isa = PBXFileReference; lastKnownFileType = file.storyboard; name = Base; path = Base.lproj/Main.storyboard; sourceTree = "<group>"; };
		CA808391217C98CD00CDA95E /* Assets.xcassets */ = {isa = PBXFileReference; lastKnownFileType = folder.assetcatalog; path = Assets.xcassets; sourceTree = "<group>"; };
		CA808394217C98CD00CDA95E /* Base */ = {isa = PBXFileReference; lastKnownFileType = file.storyboard; name = Base; path = Base.lproj/LaunchScreen.storyboard; sourceTree = "<group>"; };
		CA808396217C98CD00CDA95E /* Info.plist */ = {isa = PBXFileReference; lastKnownFileType = text.plist.xml; path = Info.plist; sourceTree = "<group>"; };
		D204BC8A225DE887009C6115 /* TestApp_v5.app */ = {isa = PBXFileReference; explicitFileType = wrapper.application; includeInIndex = 0; path = TestApp_v5.app; sourceTree = BUILT_PRODUCTS_DIR; };
		D204BC8E225E469D009C6115 /* Default-568h@2x.png */ = {isa = PBXFileReference; lastKnownFileType = image.png; path = "Default-568h@2x.png"; sourceTree = "<group>"; };
		D204BC90225E4717009C6115 /* TestApp_v5-Info.plist */ = {isa = PBXFileReference; lastKnownFileType = text.plist.xml; path = "TestApp_v5-Info.plist"; sourceTree = "<group>"; };
		DF7B70473AFD12F078C816DE /* Pods-TestApp_v4_2.release.xcconfig */ = {isa = PBXFileReference; includeInIndex = 1; lastKnownFileType = text.xcconfig; name = "Pods-TestApp_v4_2.release.xcconfig"; path = "Target Support Files/Pods-TestApp_v4_2/Pods-TestApp_v4_2.release.xcconfig"; sourceTree = "<group>"; };
		EB09EAF4BBA9C612F58F5BDD /* Pods_TestApp_v5.framework */ = {isa = PBXFileReference; explicitFileType = wrapper.framework; includeInIndex = 0; path = Pods_TestApp_v5.framework; sourceTree = BUILT_PRODUCTS_DIR; };
		EC5F918B0C6757482D27C224 /* Pods-TestApp_v5.release.xcconfig */ = {isa = PBXFileReference; includeInIndex = 1; lastKnownFileType = text.xcconfig; name = "Pods-TestApp_v5.release.xcconfig"; path = "Target Support Files/Pods-TestApp_v5/Pods-TestApp_v5.release.xcconfig"; sourceTree = "<group>"; };
/* End PBXFileReference section */

/* Begin PBXFrameworksBuildPhase section */
		CA808384217C98CA00CDA95E /* Frameworks */ = {
			isa = PBXFrameworksBuildPhase;
			buildActionMask = 2147483647;
			files = (
				5B1B46BDDDAB739F804B2640 /* Pods_TestApp_v4_2.framework in Frameworks */,
			);
			runOnlyForDeploymentPostprocessing = 0;
		};
		D204BC80225DE887009C6115 /* Frameworks */ = {
			isa = PBXFrameworksBuildPhase;
			buildActionMask = 2147483647;
			files = (
				A65DA935430C56D7ED67F2D8 /* Pods_TestApp_v5.framework in Frameworks */,
			);
			runOnlyForDeploymentPostprocessing = 0;
		};
/* End PBXFrameworksBuildPhase section */

/* Begin PBXGroup section */
		2271FCEA0AEEAD663ADB6AF3 /* Frameworks */ = {
			isa = PBXGroup;
			children = (
				7FBCF00C666BD09FBF15A7E0 /* Pods_TestApp_v4_2.framework */,
				EB09EAF4BBA9C612F58F5BDD /* Pods_TestApp_v5.framework */,
			);
			name = Frameworks;
			sourceTree = "<group>";
		};
		2C261218CC0429A68A83EC06 /* Pods */ = {
			isa = PBXGroup;
			children = (
				4FC462EAFFA9D4E595CD76CD /* Pods-TestApp_v4_2.debug.xcconfig */,
				DF7B70473AFD12F078C816DE /* Pods-TestApp_v4_2.release.xcconfig */,
				3847C4AEDF5116778DB3C4C0 /* Pods-TestApp_v5.debug.xcconfig */,
				EC5F918B0C6757482D27C224 /* Pods-TestApp_v5.release.xcconfig */,
			);
			path = Pods;
			sourceTree = "<group>";
		};
		CA80837E217C98CA00CDA95E = {
			isa = PBXGroup;
			children = (
				D204BC8E225E469D009C6115 /* Default-568h@2x.png */,
				CA808389217C98CA00CDA95E /* TestApp */,
				CA808388217C98CA00CDA95E /* Products */,
				2C261218CC0429A68A83EC06 /* Pods */,
				2271FCEA0AEEAD663ADB6AF3 /* Frameworks */,
			);
			sourceTree = "<group>";
		};
		CA808388217C98CA00CDA95E /* Products */ = {
			isa = PBXGroup;
			children = (
				CA808387217C98CA00CDA95E /* TestApp_v4_2.app */,
				D204BC8A225DE887009C6115 /* TestApp_v5.app */,
			);
			name = Products;
			sourceTree = "<group>";
		};
		CA808389217C98CA00CDA95E /* TestApp */ = {
			isa = PBXGroup;
			children = (
				CA80838A217C98CA00CDA95E /* AppDelegate.swift */,
				CA80838C217C98CA00CDA95E /* ViewController.swift */,
				CA80838E217C98CA00CDA95E /* Main.storyboard */,
				CA808391217C98CD00CDA95E /* Assets.xcassets */,
				CA808393217C98CD00CDA95E /* LaunchScreen.storyboard */,
				CA808396217C98CD00CDA95E /* Info.plist */,
				D204BC90225E4717009C6115 /* TestApp_v5-Info.plist */,
			);
			path = TestApp;
			sourceTree = "<group>";
		};
/* End PBXGroup section */

/* Begin PBXNativeTarget section */
		CA808386217C98CA00CDA95E /* TestApp_v4_2 */ = {
			isa = PBXNativeTarget;
			buildConfigurationList = CA808399217C98CD00CDA95E /* Build configuration list for PBXNativeTarget "TestApp_v4_2" */;
			buildPhases = (
				ABF5A5751C9CF9FC3B0498BE /* [CP] Check Pods Manifest.lock */,
				CA808383217C98CA00CDA95E /* Sources */,
				CA808384217C98CA00CDA95E /* Frameworks */,
				CA808385217C98CA00CDA95E /* Resources */,
				D8DA3A464A1FC7E66112468F /* [CP] Embed Pods Frameworks */,
			);
			buildRules = (
			);
			dependencies = (
			);
			name = TestApp_v4_2;
			productName = TestApp;
			productReference = CA808387217C98CA00CDA95E /* TestApp_v4_2.app */;
			productType = "com.apple.product-type.application";
		};
		D204BC7B225DE887009C6115 /* TestApp_v5 */ = {
			isa = PBXNativeTarget;
			buildConfigurationList = D204BC87225DE887009C6115 /* Build configuration list for PBXNativeTarget "TestApp_v5" */;
			buildPhases = (
				D8D820AF2FC00182D3386F22 /* [CP] Check Pods Manifest.lock */,
				D204BC7D225DE887009C6115 /* Sources */,
				D204BC80225DE887009C6115 /* Frameworks */,
				D204BC82225DE887009C6115 /* Resources */,
				0A531BDF0573924B00152AC7 /* [CP] Embed Pods Frameworks */,
			);
			buildRules = (
			);
			dependencies = (
			);
			name = TestApp_v5;
			productName = TestApp;
			productReference = D204BC8A225DE887009C6115 /* TestApp_v5.app */;
			productType = "com.apple.product-type.application";
		};
/* End PBXNativeTarget section */

/* Begin PBXProject section */
		CA80837F217C98CA00CDA95E /* Project object */ = {
			isa = PBXProject;
			attributes = {
				LastSwiftUpdateCheck = 1000;
				LastUpgradeCheck = 1000;
				ORGANIZATIONNAME = Kaltura;
				TargetAttributes = {
					CA808386217C98CA00CDA95E = {
						CreatedOnToolsVersion = 10.0;
					};
				};
			};
			buildConfigurationList = CA808382217C98CA00CDA95E /* Build configuration list for PBXProject "TestApp" */;
			compatibilityVersion = "Xcode 9.3";
			developmentRegion = en;
			hasScannedForEncodings = 0;
			knownRegions = (
				en,
				Base,
			);
			mainGroup = CA80837E217C98CA00CDA95E;
			productRefGroup = CA808388217C98CA00CDA95E /* Products */;
			projectDirPath = "";
			projectRoot = "";
			targets = (
				CA808386217C98CA00CDA95E /* TestApp_v4_2 */,
				D204BC7B225DE887009C6115 /* TestApp_v5 */,
			);
		};
/* End PBXProject section */

/* Begin PBXResourcesBuildPhase section */
		CA808385217C98CA00CDA95E /* Resources */ = {
			isa = PBXResourcesBuildPhase;
			buildActionMask = 2147483647;
			files = (
				CA808395217C98CD00CDA95E /* LaunchScreen.storyboard in Resources */,
				CA808392217C98CD00CDA95E /* Assets.xcassets in Resources */,
				CA808390217C98CA00CDA95E /* Main.storyboard in Resources */,
			);
			runOnlyForDeploymentPostprocessing = 0;
		};
		D204BC82225DE887009C6115 /* Resources */ = {
			isa = PBXResourcesBuildPhase;
			buildActionMask = 2147483647;
			files = (
				D204BC83225DE887009C6115 /* LaunchScreen.storyboard in Resources */,
				D204BC8F225E469D009C6115 /* Default-568h@2x.png in Resources */,
				D204BC84225DE887009C6115 /* Assets.xcassets in Resources */,
				D204BC85225DE887009C6115 /* Main.storyboard in Resources */,
			);
			runOnlyForDeploymentPostprocessing = 0;
		};
/* End PBXResourcesBuildPhase section */

/* Begin PBXShellScriptBuildPhase section */
		0A531BDF0573924B00152AC7 /* [CP] Embed Pods Frameworks */ = {
			isa = PBXShellScriptBuildPhase;
			buildActionMask = 2147483647;
			files = (
			);
			inputFileListPaths = (
				"${PODS_ROOT}/Target Support Files/Pods-TestApp_v5/Pods-TestApp_v5-frameworks-${CONFIGURATION}-input-files.xcfilelist",
			);
			name = "[CP] Embed Pods Frameworks";
			outputFileListPaths = (
				"${PODS_ROOT}/Target Support Files/Pods-TestApp_v5/Pods-TestApp_v5-frameworks-${CONFIGURATION}-output-files.xcfilelist",
			);
			runOnlyForDeploymentPostprocessing = 0;
			shellPath = /bin/sh;
			shellScript = "\"${PODS_ROOT}/Target Support Files/Pods-TestApp_v5/Pods-TestApp_v5-frameworks.sh\"\n";
			showEnvVarsInLog = 0;
		};
		ABF5A5751C9CF9FC3B0498BE /* [CP] Check Pods Manifest.lock */ = {
			isa = PBXShellScriptBuildPhase;
			buildActionMask = 2147483647;
			files = (
			);
			inputFileListPaths = (
			);
			inputPaths = (
				"${PODS_PODFILE_DIR_PATH}/Podfile.lock",
				"${PODS_ROOT}/Manifest.lock",
			);
			name = "[CP] Check Pods Manifest.lock";
			outputFileListPaths = (
			);
			outputPaths = (
				"$(DERIVED_FILE_DIR)/Pods-TestApp_v4_2-checkManifestLockResult.txt",
			);
			runOnlyForDeploymentPostprocessing = 0;
			shellPath = /bin/sh;
			shellScript = "diff \"${PODS_PODFILE_DIR_PATH}/Podfile.lock\" \"${PODS_ROOT}/Manifest.lock\" > /dev/null\nif [ $? != 0 ] ; then\n    # print error to STDERR\n    echo \"error: The sandbox is not in sync with the Podfile.lock. Run 'pod install' or update your CocoaPods installation.\" >&2\n    exit 1\nfi\n# This output is used by Xcode 'outputs' to avoid re-running this script phase.\necho \"SUCCESS\" > \"${SCRIPT_OUTPUT_FILE_0}\"\n";
			showEnvVarsInLog = 0;
		};
		D8D820AF2FC00182D3386F22 /* [CP] Check Pods Manifest.lock */ = {
			isa = PBXShellScriptBuildPhase;
			buildActionMask = 2147483647;
			files = (
			);
			inputFileListPaths = (
			);
			inputPaths = (
				"${PODS_PODFILE_DIR_PATH}/Podfile.lock",
				"${PODS_ROOT}/Manifest.lock",
			);
			name = "[CP] Check Pods Manifest.lock";
			outputFileListPaths = (
			);
			outputPaths = (
				"$(DERIVED_FILE_DIR)/Pods-TestApp_v5-checkManifestLockResult.txt",
			);
			runOnlyForDeploymentPostprocessing = 0;
			shellPath = /bin/sh;
			shellScript = "diff \"${PODS_PODFILE_DIR_PATH}/Podfile.lock\" \"${PODS_ROOT}/Manifest.lock\" > /dev/null\nif [ $? != 0 ] ; then\n    # print error to STDERR\n    echo \"error: The sandbox is not in sync with the Podfile.lock. Run 'pod install' or update your CocoaPods installation.\" >&2\n    exit 1\nfi\n# This output is used by Xcode 'outputs' to avoid re-running this script phase.\necho \"SUCCESS\" > \"${SCRIPT_OUTPUT_FILE_0}\"\n";
			showEnvVarsInLog = 0;
		};
		D8DA3A464A1FC7E66112468F /* [CP] Embed Pods Frameworks */ = {
			isa = PBXShellScriptBuildPhase;
			buildActionMask = 2147483647;
			files = (
			);
			inputFileListPaths = (
				"${PODS_ROOT}/Target Support Files/Pods-TestApp_v4_2/Pods-TestApp_v4_2-frameworks-${CONFIGURATION}-input-files.xcfilelist",
			);
			name = "[CP] Embed Pods Frameworks";
			outputFileListPaths = (
				"${PODS_ROOT}/Target Support Files/Pods-TestApp_v4_2/Pods-TestApp_v4_2-frameworks-${CONFIGURATION}-output-files.xcfilelist",
			);
			runOnlyForDeploymentPostprocessing = 0;
			shellPath = /bin/sh;
			shellScript = "\"${PODS_ROOT}/Target Support Files/Pods-TestApp_v4_2/Pods-TestApp_v4_2-frameworks.sh\"\n";
			showEnvVarsInLog = 0;
		};
/* End PBXShellScriptBuildPhase section */

/* Begin PBXSourcesBuildPhase section */
		CA808383217C98CA00CDA95E /* Sources */ = {
			isa = PBXSourcesBuildPhase;
			buildActionMask = 2147483647;
			files = (
				CA80838D217C98CA00CDA95E /* ViewController.swift in Sources */,
				CA80838B217C98CA00CDA95E /* AppDelegate.swift in Sources */,
			);
			runOnlyForDeploymentPostprocessing = 0;
		};
		D204BC7D225DE887009C6115 /* Sources */ = {
			isa = PBXSourcesBuildPhase;
			buildActionMask = 2147483647;
			files = (
				D204BC7E225DE887009C6115 /* ViewController.swift in Sources */,
				D204BC7F225DE887009C6115 /* AppDelegate.swift in Sources */,
			);
			runOnlyForDeploymentPostprocessing = 0;
		};
/* End PBXSourcesBuildPhase section */

/* Begin PBXVariantGroup section */
		CA80838E217C98CA00CDA95E /* Main.storyboard */ = {
			isa = PBXVariantGroup;
			children = (
				CA80838F217C98CA00CDA95E /* Base */,
			);
			name = Main.storyboard;
			sourceTree = "<group>";
		};
		CA808393217C98CD00CDA95E /* LaunchScreen.storyboard */ = {
			isa = PBXVariantGroup;
			children = (
				CA808394217C98CD00CDA95E /* Base */,
			);
			name = LaunchScreen.storyboard;
			sourceTree = "<group>";
		};
/* End PBXVariantGroup section */

/* Begin XCBuildConfiguration section */
		CA808397217C98CD00CDA95E /* Debug */ = {
			isa = XCBuildConfiguration;
			buildSettings = {
				ALWAYS_SEARCH_USER_PATHS = NO;
				CLANG_ANALYZER_NONNULL = YES;
				CLANG_ANALYZER_NUMBER_OBJECT_CONVERSION = YES_AGGRESSIVE;
				CLANG_CXX_LANGUAGE_STANDARD = "gnu++14";
				CLANG_CXX_LIBRARY = "libc++";
				CLANG_ENABLE_MODULES = YES;
				CLANG_ENABLE_OBJC_ARC = YES;
				CLANG_ENABLE_OBJC_WEAK = YES;
				CLANG_WARN_BLOCK_CAPTURE_AUTORELEASING = YES;
				CLANG_WARN_BOOL_CONVERSION = YES;
				CLANG_WARN_COMMA = YES;
				CLANG_WARN_CONSTANT_CONVERSION = YES;
				CLANG_WARN_DEPRECATED_OBJC_IMPLEMENTATIONS = YES;
				CLANG_WARN_DIRECT_OBJC_ISA_USAGE = YES_ERROR;
				CLANG_WARN_DOCUMENTATION_COMMENTS = YES;
				CLANG_WARN_EMPTY_BODY = YES;
				CLANG_WARN_ENUM_CONVERSION = YES;
				CLANG_WARN_INFINITE_RECURSION = YES;
				CLANG_WARN_INT_CONVERSION = YES;
				CLANG_WARN_NON_LITERAL_NULL_CONVERSION = YES;
				CLANG_WARN_OBJC_IMPLICIT_RETAIN_SELF = YES;
				CLANG_WARN_OBJC_LITERAL_CONVERSION = YES;
				CLANG_WARN_OBJC_ROOT_CLASS = YES_ERROR;
				CLANG_WARN_RANGE_LOOP_ANALYSIS = YES;
				CLANG_WARN_STRICT_PROTOTYPES = YES;
				CLANG_WARN_SUSPICIOUS_MOVE = YES;
				CLANG_WARN_UNGUARDED_AVAILABILITY = YES_AGGRESSIVE;
				CLANG_WARN_UNREACHABLE_CODE = YES;
				CLANG_WARN__DUPLICATE_METHOD_MATCH = YES;
				CODE_SIGN_IDENTITY = "iPhone Developer";
				COPY_PHASE_STRIP = NO;
				DEBUG_INFORMATION_FORMAT = dwarf;
				ENABLE_STRICT_OBJC_MSGSEND = YES;
				ENABLE_TESTABILITY = YES;
				GCC_C_LANGUAGE_STANDARD = gnu11;
				GCC_DYNAMIC_NO_PIC = NO;
				GCC_NO_COMMON_BLOCKS = YES;
				GCC_OPTIMIZATION_LEVEL = 0;
				GCC_PREPROCESSOR_DEFINITIONS = (
					"DEBUG=1",
					"$(inherited)",
				);
				GCC_WARN_64_TO_32_BIT_CONVERSION = YES;
				GCC_WARN_ABOUT_RETURN_TYPE = YES_ERROR;
				GCC_WARN_UNDECLARED_SELECTOR = YES;
				GCC_WARN_UNINITIALIZED_AUTOS = YES_AGGRESSIVE;
				GCC_WARN_UNUSED_FUNCTION = YES;
				GCC_WARN_UNUSED_VARIABLE = YES;
				IPHONEOS_DEPLOYMENT_TARGET = 9.0;
				MTL_ENABLE_DEBUG_INFO = INCLUDE_SOURCE;
				MTL_FAST_MATH = YES;
				ONLY_ACTIVE_ARCH = YES;
				SDKROOT = iphoneos;
				SWIFT_ACTIVE_COMPILATION_CONDITIONS = DEBUG;
				SWIFT_OPTIMIZATION_LEVEL = "-Onone";
				SWIFT_VERSION = 4.2;
			};
			name = Debug;
		};
		CA808398217C98CD00CDA95E /* Release */ = {
			isa = XCBuildConfiguration;
			buildSettings = {
				ALWAYS_SEARCH_USER_PATHS = NO;
				CLANG_ANALYZER_NONNULL = YES;
				CLANG_ANALYZER_NUMBER_OBJECT_CONVERSION = YES_AGGRESSIVE;
				CLANG_CXX_LANGUAGE_STANDARD = "gnu++14";
				CLANG_CXX_LIBRARY = "libc++";
				CLANG_ENABLE_MODULES = YES;
				CLANG_ENABLE_OBJC_ARC = YES;
				CLANG_ENABLE_OBJC_WEAK = YES;
				CLANG_WARN_BLOCK_CAPTURE_AUTORELEASING = YES;
				CLANG_WARN_BOOL_CONVERSION = YES;
				CLANG_WARN_COMMA = YES;
				CLANG_WARN_CONSTANT_CONVERSION = YES;
				CLANG_WARN_DEPRECATED_OBJC_IMPLEMENTATIONS = YES;
				CLANG_WARN_DIRECT_OBJC_ISA_USAGE = YES_ERROR;
				CLANG_WARN_DOCUMENTATION_COMMENTS = YES;
				CLANG_WARN_EMPTY_BODY = YES;
				CLANG_WARN_ENUM_CONVERSION = YES;
				CLANG_WARN_INFINITE_RECURSION = YES;
				CLANG_WARN_INT_CONVERSION = YES;
				CLANG_WARN_NON_LITERAL_NULL_CONVERSION = YES;
				CLANG_WARN_OBJC_IMPLICIT_RETAIN_SELF = YES;
				CLANG_WARN_OBJC_LITERAL_CONVERSION = YES;
				CLANG_WARN_OBJC_ROOT_CLASS = YES_ERROR;
				CLANG_WARN_RANGE_LOOP_ANALYSIS = YES;
				CLANG_WARN_STRICT_PROTOTYPES = YES;
				CLANG_WARN_SUSPICIOUS_MOVE = YES;
				CLANG_WARN_UNGUARDED_AVAILABILITY = YES_AGGRESSIVE;
				CLANG_WARN_UNREACHABLE_CODE = YES;
				CLANG_WARN__DUPLICATE_METHOD_MATCH = YES;
				CODE_SIGN_IDENTITY = "iPhone Developer";
				COPY_PHASE_STRIP = NO;
				DEBUG_INFORMATION_FORMAT = "dwarf-with-dsym";
				ENABLE_NS_ASSERTIONS = NO;
				ENABLE_STRICT_OBJC_MSGSEND = YES;
				GCC_C_LANGUAGE_STANDARD = gnu11;
				GCC_NO_COMMON_BLOCKS = YES;
				GCC_WARN_64_TO_32_BIT_CONVERSION = YES;
				GCC_WARN_ABOUT_RETURN_TYPE = YES_ERROR;
				GCC_WARN_UNDECLARED_SELECTOR = YES;
				GCC_WARN_UNINITIALIZED_AUTOS = YES_AGGRESSIVE;
				GCC_WARN_UNUSED_FUNCTION = YES;
				GCC_WARN_UNUSED_VARIABLE = YES;
				IPHONEOS_DEPLOYMENT_TARGET = 9.0;
				MTL_ENABLE_DEBUG_INFO = NO;
				MTL_FAST_MATH = YES;
				SDKROOT = iphoneos;
				SWIFT_COMPILATION_MODE = wholemodule;
				SWIFT_OPTIMIZATION_LEVEL = "-O";
				SWIFT_VERSION = 4.2;
				VALIDATE_PRODUCT = YES;
			};
			name = Release;
		};
		CA80839A217C98CD00CDA95E /* Debug */ = {
			isa = XCBuildConfiguration;
			baseConfigurationReference = 4FC462EAFFA9D4E595CD76CD /* Pods-TestApp_v4_2.debug.xcconfig */;
			buildSettings = {
				ASSETCATALOG_COMPILER_APPICON_NAME = AppIcon;
				CODE_SIGN_STYLE = Automatic;
				DEVELOPMENT_TEAM = X8RDCFJK95;
				INFOPLIST_FILE = TestApp/Info.plist;
				IPHONEOS_DEPLOYMENT_TARGET = 9.0;
				LD_RUNPATH_SEARCH_PATHS = (
					"$(inherited)",
					"@executable_path/Frameworks",
				);
				PRODUCT_BUNDLE_IDENTIFIER = com.kaltura.TestApp;
				PRODUCT_NAME = "$(TARGET_NAME)";
				TARGETED_DEVICE_FAMILY = "1,2";
			};
			name = Debug;
		};
		CA80839B217C98CD00CDA95E /* Release */ = {
			isa = XCBuildConfiguration;
			baseConfigurationReference = DF7B70473AFD12F078C816DE /* Pods-TestApp_v4_2.release.xcconfig */;
			buildSettings = {
				ASSETCATALOG_COMPILER_APPICON_NAME = AppIcon;
				CODE_SIGN_STYLE = Automatic;
				DEVELOPMENT_TEAM = X8RDCFJK95;
				INFOPLIST_FILE = TestApp/Info.plist;
				IPHONEOS_DEPLOYMENT_TARGET = 9.0;
				LD_RUNPATH_SEARCH_PATHS = (
					"$(inherited)",
					"@executable_path/Frameworks",
				);
				PRODUCT_BUNDLE_IDENTIFIER = com.kaltura.TestApp;
				PRODUCT_NAME = "$(TARGET_NAME)";
				TARGETED_DEVICE_FAMILY = "1,2";
			};
			name = Release;
		};
		D204BC88225DE887009C6115 /* Debug */ = {
			isa = XCBuildConfiguration;
			baseConfigurationReference = 3847C4AEDF5116778DB3C4C0 /* Pods-TestApp_v5.debug.xcconfig */;
			buildSettings = {
				ASSETCATALOG_COMPILER_APPICON_NAME = AppIcon;
				CODE_SIGN_STYLE = Automatic;
				DEVELOPMENT_TEAM = "";
				INFOPLIST_FILE = "TestApp/TestApp_v5-Info.plist";
				IPHONEOS_DEPLOYMENT_TARGET = 9.0;
				LD_RUNPATH_SEARCH_PATHS = (
					"$(inherited)",
					"@executable_path/Frameworks",
				);
				PRODUCT_BUNDLE_IDENTIFIER = com.kaltura.TestApp;
				PRODUCT_NAME = "$(TARGET_NAME)";
				SWIFT_VERSION = 5.0;
				TARGETED_DEVICE_FAMILY = "1,2";
			};
			name = Debug;
		};
		D204BC89225DE887009C6115 /* Release */ = {
			isa = XCBuildConfiguration;
			baseConfigurationReference = EC5F918B0C6757482D27C224 /* Pods-TestApp_v5.release.xcconfig */;
			buildSettings = {
				ASSETCATALOG_COMPILER_APPICON_NAME = AppIcon;
				CODE_SIGN_STYLE = Automatic;
				DEVELOPMENT_TEAM = "";
				INFOPLIST_FILE = "TestApp/TestApp_v5-Info.plist";
				IPHONEOS_DEPLOYMENT_TARGET = 9.0;
				LD_RUNPATH_SEARCH_PATHS = (
					"$(inherited)",
					"@executable_path/Frameworks",
				);
				PRODUCT_BUNDLE_IDENTIFIER = com.kaltura.TestApp;
				PRODUCT_NAME = "$(TARGET_NAME)";
				SWIFT_VERSION = 5.0;
				TARGETED_DEVICE_FAMILY = "1,2";
			};
			name = Release;
		};
/* End XCBuildConfiguration section */

/* Begin XCConfigurationList section */
		CA808382217C98CA00CDA95E /* Build configuration list for PBXProject "TestApp" */ = {
			isa = XCConfigurationList;
			buildConfigurations = (
				CA808397217C98CD00CDA95E /* Debug */,
				CA808398217C98CD00CDA95E /* Release */,
			);
			defaultConfigurationIsVisible = 0;
			defaultConfigurationName = Release;
		};
		CA808399217C98CD00CDA95E /* Build configuration list for PBXNativeTarget "TestApp_v4_2" */ = {
			isa = XCConfigurationList;
			buildConfigurations = (
				CA80839A217C98CD00CDA95E /* Debug */,
				CA80839B217C98CD00CDA95E /* Release */,
			);
			defaultConfigurationIsVisible = 0;
			defaultConfigurationName = Release;
		};
		D204BC87225DE887009C6115 /* Build configuration list for PBXNativeTarget "TestApp_v5" */ = {
			isa = XCConfigurationList;
			buildConfigurations = (
				D204BC88225DE887009C6115 /* Debug */,
				D204BC89225DE887009C6115 /* Release */,
			);
			defaultConfigurationIsVisible = 0;
			defaultConfigurationName = Release;
		};
/* End XCConfigurationList section */
	};
	rootObject = CA80837F217C98CA00CDA95E /* Project object */;
}
