// !$*UTF8*$!
{
	archiveVersion = 1;
	classes = {
	};
	objectVersion = 46;
	objects = {

/* Begin PBXBuildFile section */
		FBA36D2D1D70DDF8002F8D6C /* PlayKit.h in Headers */ = {isa = PBXBuildFile; fileRef = FBA36D2B1D70DDF8002F8D6C /* PlayKit.h */; settings = {ATTRIBUTES = (Public, ); }; };
		FBA36D3A1D70DE55002F8D6C /* AppDelegate.swift in Sources */ = {isa = PBXBuildFile; fileRef = FBA36D391D70DE55002F8D6C /* AppDelegate.swift */; };
		FBA36D3C1D70DE55002F8D6C /* ViewController.swift in Sources */ = {isa = PBXBuildFile; fileRef = FBA36D3B1D70DE55002F8D6C /* ViewController.swift */; };
		FBA36D3F1D70DE55002F8D6C /* Main.storyboard in Resources */ = {isa = PBXBuildFile; fileRef = FBA36D3D1D70DE55002F8D6C /* Main.storyboard */; };
		FBA36D411D70DE55002F8D6C /* Assets.xcassets in Resources */ = {isa = PBXBuildFile; fileRef = FBA36D401D70DE55002F8D6C /* Assets.xcassets */; };
		FBA36D441D70DE55002F8D6C /* LaunchScreen.storyboard in Resources */ = {isa = PBXBuildFile; fileRef = FBA36D421D70DE55002F8D6C /* LaunchScreen.storyboard */; };
		FBA36D4A1D72BC81002F8D6C /* Player.swift in Sources */ = {isa = PBXBuildFile; fileRef = FBA36D491D72BC81002F8D6C /* Player.swift */; };
		FBD9793E1DA842EA00A69480 /* PlayKit.framework in Frameworks */ = {isa = PBXBuildFile; fileRef = FBA36D281D70DDF8002F8D6C /* PlayKit.framework */; };
/* End PBXBuildFile section */

/* Begin PBXFileReference section */
		FBA36D281D70DDF8002F8D6C /* PlayKit.framework */ = {isa = PBXFileReference; explicitFileType = wrapper.framework; includeInIndex = 0; path = PlayKit.framework; sourceTree = BUILT_PRODUCTS_DIR; };
		FBA36D2B1D70DDF8002F8D6C /* PlayKit.h */ = {isa = PBXFileReference; lastKnownFileType = sourcecode.c.h; path = PlayKit.h; sourceTree = "<group>"; };
		FBA36D2C1D70DDF8002F8D6C /* Info.plist */ = {isa = PBXFileReference; lastKnownFileType = text.plist.xml; path = Info.plist; sourceTree = "<group>"; };
		FBA36D371D70DE54002F8D6C /* TestApp.app */ = {isa = PBXFileReference; explicitFileType = wrapper.application; includeInIndex = 0; path = TestApp.app; sourceTree = BUILT_PRODUCTS_DIR; };
		FBA36D391D70DE55002F8D6C /* AppDelegate.swift */ = {isa = PBXFileReference; lastKnownFileType = sourcecode.swift; path = AppDelegate.swift; sourceTree = "<group>"; };
		FBA36D3B1D70DE55002F8D6C /* ViewController.swift */ = {isa = PBXFileReference; lastKnownFileType = sourcecode.swift; path = ViewController.swift; sourceTree = "<group>"; };
		FBA36D3E1D70DE55002F8D6C /* Base */ = {isa = PBXFileReference; lastKnownFileType = file.storyboard; name = Base; path = Base.lproj/Main.storyboard; sourceTree = "<group>"; };
		FBA36D401D70DE55002F8D6C /* Assets.xcassets */ = {isa = PBXFileReference; lastKnownFileType = folder.assetcatalog; path = Assets.xcassets; sourceTree = "<group>"; };
		FBA36D431D70DE55002F8D6C /* Base */ = {isa = PBXFileReference; lastKnownFileType = file.storyboard; name = Base; path = Base.lproj/LaunchScreen.storyboard; sourceTree = "<group>"; };
		FBA36D451D70DE55002F8D6C /* Info.plist */ = {isa = PBXFileReference; lastKnownFileType = text.plist.xml; path = Info.plist; sourceTree = "<group>"; };
		FBA36D491D72BC81002F8D6C /* Player.swift */ = {isa = PBXFileReference; fileEncoding = 4; lastKnownFileType = sourcecode.swift; path = Player.swift; sourceTree = "<group>"; };
/* End PBXFileReference section */

/* Begin PBXFrameworksBuildPhase section */
		FBA36D241D70DDF8002F8D6C /* Frameworks */ = {
			isa = PBXFrameworksBuildPhase;
			buildActionMask = 2147483647;
			files = (
			);
			runOnlyForDeploymentPostprocessing = 0;
		};
		FBA36D341D70DE54002F8D6C /* Frameworks */ = {
			isa = PBXFrameworksBuildPhase;
			buildActionMask = 2147483647;
			files = (
				FBD9793E1DA842EA00A69480 /* PlayKit.framework in Frameworks */,
			);
			runOnlyForDeploymentPostprocessing = 0;
		};
/* End PBXFrameworksBuildPhase section */

/* Begin PBXGroup section */
		FBA36D1E1D70DDF8002F8D6C = {
			isa = PBXGroup;
			children = (
				FBA36D2A1D70DDF8002F8D6C /* PlayKit */,
				FBA36D381D70DE55002F8D6C /* TestApp */,
				FBA36D291D70DDF8002F8D6C /* Products */,
			);
			sourceTree = "<group>";
		};
		FBA36D291D70DDF8002F8D6C /* Products */ = {
			isa = PBXGroup;
			children = (
				FBA36D281D70DDF8002F8D6C /* PlayKit.framework */,
				FBA36D371D70DE54002F8D6C /* TestApp.app */,
			);
			name = Products;
			sourceTree = "<group>";
		};
		FBA36D2A1D70DDF8002F8D6C /* PlayKit */ = {
			isa = PBXGroup;
			children = (
				FBA36D2B1D70DDF8002F8D6C /* PlayKit.h */,
				FBA36D2C1D70DDF8002F8D6C /* Info.plist */,
				FBA36D491D72BC81002F8D6C /* Player.swift */,
			);
			path = PlayKit;
			sourceTree = "<group>";
		};
		FBA36D381D70DE55002F8D6C /* TestApp */ = {
			isa = PBXGroup;
			children = (
				FBA36D391D70DE55002F8D6C /* AppDelegate.swift */,
				FBA36D3B1D70DE55002F8D6C /* ViewController.swift */,
				FBA36D3D1D70DE55002F8D6C /* Main.storyboard */,
				FBA36D401D70DE55002F8D6C /* Assets.xcassets */,
				FBA36D421D70DE55002F8D6C /* LaunchScreen.storyboard */,
				FBA36D451D70DE55002F8D6C /* Info.plist */,
			);
			path = TestApp;
			sourceTree = "<group>";
		};
/* End PBXGroup section */

/* Begin PBXHeadersBuildPhase section */
		FBA36D251D70DDF8002F8D6C /* Headers */ = {
			isa = PBXHeadersBuildPhase;
			buildActionMask = 2147483647;
			files = (
				FBA36D2D1D70DDF8002F8D6C /* PlayKit.h in Headers */,
			);
			runOnlyForDeploymentPostprocessing = 0;
		};
/* End PBXHeadersBuildPhase section */

/* Begin PBXNativeTarget section */
		FBA36D271D70DDF8002F8D6C /* PlayKit */ = {
			isa = PBXNativeTarget;
			buildConfigurationList = FBA36D301D70DDF8002F8D6C /* Build configuration list for PBXNativeTarget "PlayKit" */;
			buildPhases = (
				FBA36D231D70DDF8002F8D6C /* Sources */,
				FBA36D241D70DDF8002F8D6C /* Frameworks */,
				FBA36D251D70DDF8002F8D6C /* Headers */,
				FBA36D261D70DDF8002F8D6C /* Resources */,
			);
			buildRules = (
			);
			dependencies = (
			);
			name = PlayKit;
			productName = PlayKit;
			productReference = FBA36D281D70DDF8002F8D6C /* PlayKit.framework */;
			productType = "com.apple.product-type.framework";
		};
		FBA36D361D70DE54002F8D6C /* TestApp */ = {
			isa = PBXNativeTarget;
			buildConfigurationList = FBA36D461D70DE55002F8D6C /* Build configuration list for PBXNativeTarget "TestApp" */;
			buildPhases = (
				FBA36D331D70DE54002F8D6C /* Sources */,
				FBA36D341D70DE54002F8D6C /* Frameworks */,
				FBA36D351D70DE54002F8D6C /* Resources */,
			);
			buildRules = (
			);
			dependencies = (
			);
			name = TestApp;
			productName = TestApp;
			productReference = FBA36D371D70DE54002F8D6C /* TestApp.app */;
			productType = "com.apple.product-type.application";
		};
/* End PBXNativeTarget section */

/* Begin PBXProject section */
		FBA36D1F1D70DDF8002F8D6C /* Project object */ = {
			isa = PBXProject;
			attributes = {
				LastSwiftUpdateCheck = 0800;
				LastUpgradeCheck = 0800;
				ORGANIZATIONNAME = Kaltura;
				TargetAttributes = {
					FBA36D271D70DDF8002F8D6C = {
						CreatedOnToolsVersion = 8.0;
						DevelopmentTeam = X8RDCFJK95;
						LastSwiftMigration = 0800;
						ProvisioningStyle = Automatic;
					};
					FBA36D361D70DE54002F8D6C = {
						CreatedOnToolsVersion = 8.0;
						DevelopmentTeam = X8RDCFJK95;
						ProvisioningStyle = Automatic;
					};
				};
			};
			buildConfigurationList = FBA36D221D70DDF8002F8D6C /* Build configuration list for PBXProject "PlayKit" */;
			compatibilityVersion = "Xcode 3.2";
			developmentRegion = English;
			hasScannedForEncodings = 0;
			knownRegions = (
				en,
				Base,
			);
			mainGroup = FBA36D1E1D70DDF8002F8D6C;
			productRefGroup = FBA36D291D70DDF8002F8D6C /* Products */;
			projectDirPath = "";
			projectRoot = "";
			targets = (
				FBA36D271D70DDF8002F8D6C /* PlayKit */,
				FBA36D361D70DE54002F8D6C /* TestApp */,
			);
		};
/* End PBXProject section */

/* Begin PBXResourcesBuildPhase section */
		FBA36D261D70DDF8002F8D6C /* Resources */ = {
			isa = PBXResourcesBuildPhase;
			buildActionMask = 2147483647;
			files = (
			);
			runOnlyForDeploymentPostprocessing = 0;
		};
		FBA36D351D70DE54002F8D6C /* Resources */ = {
			isa = PBXResourcesBuildPhase;
			buildActionMask = 2147483647;
			files = (
				FBA36D441D70DE55002F8D6C /* LaunchScreen.storyboard in Resources */,
				FBA36D411D70DE55002F8D6C /* Assets.xcassets in Resources */,
				FBA36D3F1D70DE55002F8D6C /* Main.storyboard in Resources */,
			);
			runOnlyForDeploymentPostprocessing = 0;
		};
/* End PBXResourcesBuildPhase section */

/* Begin PBXSourcesBuildPhase section */
		FBA36D231D70DDF8002F8D6C /* Sources */ = {
			isa = PBXSourcesBuildPhase;
			buildActionMask = 2147483647;
			files = (
				FBA36D4A1D72BC81002F8D6C /* Player.swift in Sources */,
			);
			runOnlyForDeploymentPostprocessing = 0;
		};
		FBA36D331D70DE54002F8D6C /* Sources */ = {
			isa = PBXSourcesBuildPhase;
			buildActionMask = 2147483647;
			files = (
				FBA36D3C1D70DE55002F8D6C /* ViewController.swift in Sources */,
				FBA36D3A1D70DE55002F8D6C /* AppDelegate.swift in Sources */,
			);
			runOnlyForDeploymentPostprocessing = 0;
		};
/* End PBXSourcesBuildPhase section */

/* Begin PBXVariantGroup section */
		FBA36D3D1D70DE55002F8D6C /* Main.storyboard */ = {
			isa = PBXVariantGroup;
			children = (
				FBA36D3E1D70DE55002F8D6C /* Base */,
			);
			name = Main.storyboard;
			sourceTree = "<group>";
		};
		FBA36D421D70DE55002F8D6C /* LaunchScreen.storyboard */ = {
			isa = PBXVariantGroup;
			children = (
				FBA36D431D70DE55002F8D6C /* Base */,
			);
			name = LaunchScreen.storyboard;
			sourceTree = "<group>";
		};
/* End PBXVariantGroup section */

/* Begin XCBuildConfiguration section */
		FBA36D2E1D70DDF8002F8D6C /* Debug */ = {
			isa = XCBuildConfiguration;
			buildSettings = {
				ALWAYS_SEARCH_USER_PATHS = NO;
				CLANG_ANALYZER_NONNULL = YES;
				CLANG_CXX_LANGUAGE_STANDARD = "gnu++0x";
				CLANG_CXX_LIBRARY = "libc++";
				CLANG_ENABLE_MODULES = YES;
				CLANG_ENABLE_OBJC_ARC = YES;
				CLANG_WARN_BOOL_CONVERSION = YES;
				CLANG_WARN_CONSTANT_CONVERSION = YES;
				CLANG_WARN_DIRECT_OBJC_ISA_USAGE = YES_ERROR;
				CLANG_WARN_DOCUMENTATION_COMMENTS = YES;
				CLANG_WARN_EMPTY_BODY = YES;
				CLANG_WARN_ENUM_CONVERSION = YES;
				CLANG_WARN_INFINITE_RECURSION = YES;
				CLANG_WARN_INT_CONVERSION = YES;
				CLANG_WARN_OBJC_ROOT_CLASS = YES_ERROR;
				CLANG_WARN_SUSPICIOUS_MOVES = YES;
				CLANG_WARN_UNREACHABLE_CODE = YES;
				CLANG_WARN__DUPLICATE_METHOD_MATCH = YES;
				"CODE_SIGN_IDENTITY[sdk=iphoneos*]" = "iPhone Developer";
				COPY_PHASE_STRIP = NO;
				CURRENT_PROJECT_VERSION = 1;
				DEBUG_INFORMATION_FORMAT = dwarf;
				ENABLE_STRICT_OBJC_MSGSEND = YES;
				ENABLE_TESTABILITY = YES;
				GCC_C_LANGUAGE_STANDARD = gnu99;
				GCC_DYNAMIC_NO_PIC = NO;
				GCC_NO_COMMON_BLOCKS = YES;
				GCC_OPTIMIZATION_LEVEL = 0;
				GCC_PREPROCESSOR_DEFINITIONS = (
					"DEBUG=1",
					"$(inherited)",
				);
				GCC_WARN_64_TO_32_BIT_CONVERSION = YES;
				GCC_WARN_ABOUT_RETURN_TYPE = YES_ERROR;
				GCC_WARN_UNDECLARED_SELECTOR = YES;
				GCC_WARN_UNINITIALIZED_AUTOS = YES_AGGRESSIVE;
				GCC_WARN_UNUSED_FUNCTION = YES;
				GCC_WARN_UNUSED_VARIABLE = YES;
				IPHONEOS_DEPLOYMENT_TARGET = 10.0;
				MTL_ENABLE_DEBUG_INFO = YES;
				ONLY_ACTIVE_ARCH = YES;
				SDKROOT = iphoneos;
				SWIFT_ACTIVE_COMPILATION_CONDITIONS = DEBUG;
				SWIFT_OPTIMIZATION_LEVEL = "-Onone";
				TARGETED_DEVICE_FAMILY = "1,2";
				VERSIONING_SYSTEM = "apple-generic";
				VERSION_INFO_PREFIX = "";
			};
			name = Debug;
		};
		FBA36D2F1D70DDF8002F8D6C /* Release */ = {
			isa = XCBuildConfiguration;
			buildSettings = {
				ALWAYS_SEARCH_USER_PATHS = NO;
				CLANG_ANALYZER_NONNULL = YES;
				CLANG_CXX_LANGUAGE_STANDARD = "gnu++0x";
				CLANG_CXX_LIBRARY = "libc++";
				CLANG_ENABLE_MODULES = YES;
				CLANG_ENABLE_OBJC_ARC = YES;
				CLANG_WARN_BOOL_CONVERSION = YES;
				CLANG_WARN_CONSTANT_CONVERSION = YES;
				CLANG_WARN_DIRECT_OBJC_ISA_USAGE = YES_ERROR;
				CLANG_WARN_DOCUMENTATION_COMMENTS = YES;
				CLANG_WARN_EMPTY_BODY = YES;
				CLANG_WARN_ENUM_CONVERSION = YES;
				CLANG_WARN_INFINITE_RECURSION = YES;
				CLANG_WARN_INT_CONVERSION = YES;
				CLANG_WARN_OBJC_ROOT_CLASS = YES_ERROR;
				CLANG_WARN_SUSPICIOUS_MOVES = YES;
				CLANG_WARN_UNREACHABLE_CODE = YES;
				CLANG_WARN__DUPLICATE_METHOD_MATCH = YES;
				"CODE_SIGN_IDENTITY[sdk=iphoneos*]" = "iPhone Developer";
				COPY_PHASE_STRIP = NO;
				CURRENT_PROJECT_VERSION = 1;
				DEBUG_INFORMATION_FORMAT = "dwarf-with-dsym";
				ENABLE_NS_ASSERTIONS = NO;
				ENABLE_STRICT_OBJC_MSGSEND = YES;
				GCC_C_LANGUAGE_STANDARD = gnu99;
				GCC_NO_COMMON_BLOCKS = YES;
				GCC_WARN_64_TO_32_BIT_CONVERSION = YES;
				GCC_WARN_ABOUT_RETURN_TYPE = YES_ERROR;
				GCC_WARN_UNDECLARED_SELECTOR = YES;
				GCC_WARN_UNINITIALIZED_AUTOS = YES_AGGRESSIVE;
				GCC_WARN_UNUSED_FUNCTION = YES;
				GCC_WARN_UNUSED_VARIABLE = YES;
				IPHONEOS_DEPLOYMENT_TARGET = 10.0;
				MTL_ENABLE_DEBUG_INFO = NO;
				SDKROOT = iphoneos;
				SWIFT_OPTIMIZATION_LEVEL = "-Owholemodule";
				TARGETED_DEVICE_FAMILY = "1,2";
				VALIDATE_PRODUCT = YES;
				VERSIONING_SYSTEM = "apple-generic";
				VERSION_INFO_PREFIX = "";
			};
			name = Release;
		};
		FBA36D311D70DDF8002F8D6C /* Debug */ = {
			isa = XCBuildConfiguration;
			buildSettings = {
				CLANG_ENABLE_MODULES = YES;
				CODE_SIGN_IDENTITY = "";
				DEFINES_MODULE = YES;
				DEVELOPMENT_TEAM = X8RDCFJK95;
				DYLIB_COMPATIBILITY_VERSION = 1;
				DYLIB_CURRENT_VERSION = 1;
				DYLIB_INSTALL_NAME_BASE = "@rpath";
				INFOPLIST_FILE = PlayKit/Info.plist;
				INSTALL_PATH = "$(LOCAL_LIBRARY_DIR)/Frameworks";
				LD_RUNPATH_SEARCH_PATHS = "$(inherited) @executable_path/Frameworks @loader_path/Frameworks";
				PRODUCT_BUNDLE_IDENTIFIER = com.kaltura.PlayKit;
				PRODUCT_NAME = "$(TARGET_NAME)";
				SKIP_INSTALL = YES;
				SWIFT_OPTIMIZATION_LEVEL = "-Onone";
				SWIFT_VERSION = 3.0;
			};
			name = Debug;
		};
		FBA36D321D70DDF8002F8D6C /* Release */ = {
			isa = XCBuildConfiguration;
			buildSettings = {
				CLANG_ENABLE_MODULES = YES;
				CODE_SIGN_IDENTITY = "";
				DEFINES_MODULE = YES;
				DEVELOPMENT_TEAM = X8RDCFJK95;
				DYLIB_COMPATIBILITY_VERSION = 1;
				DYLIB_CURRENT_VERSION = 1;
				DYLIB_INSTALL_NAME_BASE = "@rpath";
				INFOPLIST_FILE = PlayKit/Info.plist;
				INSTALL_PATH = "$(LOCAL_LIBRARY_DIR)/Frameworks";
				LD_RUNPATH_SEARCH_PATHS = "$(inherited) @executable_path/Frameworks @loader_path/Frameworks";
				PRODUCT_BUNDLE_IDENTIFIER = com.kaltura.PlayKit;
				PRODUCT_NAME = "$(TARGET_NAME)";
				SKIP_INSTALL = YES;
				SWIFT_VERSION = 3.0;
			};
			name = Release;
		};
		FBA36D471D70DE55002F8D6C /* Debug */ = {
			isa = XCBuildConfiguration;
			buildSettings = {
				ASSETCATALOG_COMPILER_APPICON_NAME = AppIcon;
				DEVELOPMENT_TEAM = X8RDCFJK95;
				INFOPLIST_FILE = TestApp/Info.plist;
				LD_RUNPATH_SEARCH_PATHS = "$(inherited) @executable_path/Frameworks";
				PRODUCT_BUNDLE_IDENTIFIER = com.kaltura.TestApp;
				PRODUCT_NAME = "$(TARGET_NAME)";
				SWIFT_VERSION = 3.0;
			};
			name = Debug;
		};
		FBA36D481D70DE55002F8D6C /* Release */ = {
			isa = XCBuildConfiguration;
			buildSettings = {
				ASSETCATALOG_COMPILER_APPICON_NAME = AppIcon;
				DEVELOPMENT_TEAM = X8RDCFJK95;
				INFOPLIST_FILE = TestApp/Info.plist;
				LD_RUNPATH_SEARCH_PATHS = "$(inherited) @executable_path/Frameworks";
				PRODUCT_BUNDLE_IDENTIFIER = com.kaltura.TestApp;
				PRODUCT_NAME = "$(TARGET_NAME)";
				SWIFT_VERSION = 3.0;
			};
			name = Release;
		};
/* End XCBuildConfiguration section */

/* Begin XCConfigurationList section */
		FBA36D221D70DDF8002F8D6C /* Build configuration list for PBXProject "PlayKit" */ = {
			isa = XCConfigurationList;
			buildConfigurations = (
				FBA36D2E1D70DDF8002F8D6C /* Debug */,
				FBA36D2F1D70DDF8002F8D6C /* Release */,
			);
			defaultConfigurationIsVisible = 0;
			defaultConfigurationName = Release;
		};
		FBA36D301D70DDF8002F8D6C /* Build configuration list for PBXNativeTarget "PlayKit" */ = {
			isa = XCConfigurationList;
			buildConfigurations = (
				FBA36D311D70DDF8002F8D6C /* Debug */,
				FBA36D321D70DDF8002F8D6C /* Release */,
			);
			defaultConfigurationIsVisible = 0;
			defaultConfigurationName = Release;
		};
		FBA36D461D70DE55002F8D6C /* Build configuration list for PBXNativeTarget "TestApp" */ = {
			isa = XCConfigurationList;
			buildConfigurations = (
				FBA36D471D70DE55002F8D6C /* Debug */,
				FBA36D481D70DE55002F8D6C /* Release */,
			);
			defaultConfigurationIsVisible = 0;
			defaultConfigurationName = Release;
		};
/* End XCConfigurationList section */
	};
	rootObject = FBA36D1F1D70DDF8002F8D6C /* Project object */;
}
