PODS:
  - KalturaNetKit (1.0.0):
    - KalturaNetKit/Core (= 1.0.0)
  - KalturaNetKit/Core (1.0.0):
    - SwiftyJSON
  - ObjcExceptionBridging (1.0.1):
    - ObjcExceptionBridging/ObjcExceptionBridging (= 1.0.1)
  - ObjcExceptionBridging/ObjcExceptionBridging (1.0.1)
  - PlayKit (3.8.0-dev):
    - PlayKit/Core (= 3.8.0-dev)
  - PlayKit/Core (3.8.0-dev):
    - KalturaNetKit (~> 1.0.0-dev)
    - PlayKitUtils (~> 0.1.6-dev)
    - SwiftyJSON (= 3.1.4)
    - SwiftyXMLParser (= 3.0.3)
    - XCGLogger (~> 6.1.0)
  - PlayKitUtils (0.1.6)
  - SwiftyJSON (3.1.4)
  - SwiftyXMLParser (3.0.3)
  - XCGLogger (6.1.0):
    - XCGLogger/Core (= 6.1.0)
  - XCGLogger/Core (6.1.0):
    - ObjcExceptionBridging

DEPENDENCIES:
  - PlayKit (from `..`)

SPEC REPOS:
  https://github.com/cocoapods/specs.git:
    - KalturaNetKit
    - ObjcExceptionBridging
    - PlayKitUtils
    - SwiftyJSON
    - SwiftyXMLParser
    - XCGLogger

EXTERNAL SOURCES:
  PlayKit:
    :path: ".."

SPEC CHECKSUMS:
  KalturaNetKit: 41647d130d478c51229c50cda0ec3d58fb75a258
  ObjcExceptionBridging: c30e00eb3700467e695faeea30e26e18bd445001
  PlayKit: 8a23cea56725522e78c13f32ced6de8431692c42
  PlayKitUtils: 81c0da29a21969ecce8731bc975057682555c9d0
  SwiftyJSON: c2842d878f95482ffceec5709abc3d05680c0220
  SwiftyXMLParser: 9c6cc0310e778266a63d8eba50d9e07925aab0fb
  XCGLogger: 7f7f43f15dfe3a305fa1342b7dc29af656289abd

PODFILE CHECKSUM: fbb3c2f6be4ebfae74c109361672a8dc4c1a60b6

COCOAPODS: 1.6.1
