PODS:
  - KalturaNetKit (0.0.17):
    - KalturaNetKit/Core (= 0.0.17)
  - KalturaNetKit/Core (0.0.17):
    - SwiftyJSON
  - Log (1.0)
  - PlayKit (3.2.1):
    - PlayKit/Core (= 3.2.1)
  - PlayKit/AnalyticsCommon (3.2.1):
    - PlayKit/Core
  - PlayKit/Core (3.2.1):
    - KalturaNetKit (~> 0.0)
    - Log (= 1.0)
    - SwiftyJSON (= 3.1.4)
    - SwiftyXMLParser (= 3.0.3)
  - PlayKit/YouboraPlugin (3.2.1):
    - PlayKit/AnalyticsCommon
    - PlayKit/Core
    - Youbora-AVPlayer/dynamic (= 5.4.5)
  - SwiftyJSON (3.1.4)
  - SwiftyXMLParser (3.0.3)
  - Youbora-AVPlayer/dynamic (5.4.5):
    - Youbora-YouboraLib/dynamic (= 5.3.10)
  - Youbora-YouboraLib/dynamic (5.3.10)

DEPENDENCIES:
  - PlayKit (from `../`)
  - PlayKit/YouboraPlugin (from `../`)

EXTERNAL SOURCES:
  PlayKit:
    :path: ../

SPEC CHECKSUMS:
  KalturaNetKit: d37b3c6fc08da9935677fc547c59b25abc3574a3
  Log: 5e368c9528db07517d18d2d04ff5fe2b6f5a1e21
  PlayKit: a6acd8949107432f86dd9e9c392e9d599c427b4b
  SwiftyJSON: c2842d878f95482ffceec5709abc3d05680c0220
  SwiftyXMLParser: 9c6cc0310e778266a63d8eba50d9e07925aab0fb
  Youbora-AVPlayer: 37bba41fcc4ce11ca4f99908ee6824a3bad9dc8b
  Youbora-YouboraLib: b237581a6cffdc62b8ba7be8c52297236a13921b

PODFILE CHECKSUM: b212880aba7005a72b4a500de3e0d4a04a5bd9cf

COCOAPODS: 1.3.1
