PODS:
  - KalturaNetKit (0.0.14):
    - KalturaNetKit/Core (= 0.0.14)
  - KalturaNetKit/Core (0.0.14):
    - SwiftyJSON
  - Log (1.0)
  - PlayKit (0.2.x-dev):
    - PlayKit/Core (= 0.2.x-dev)
  - PlayKit/AnalyticsCommon (0.2.x-dev):
    - PlayKit/Core
  - PlayKit/Core (0.2.x-dev):
    - KalturaNetKit (~> 0.0)
    - Log (= 1.0)
    - SwiftyJSON (= 3.1.4)
    - SwiftyXMLParser (~> 3.0.0)
  - PlayKit/YouboraPlugin (0.2.x-dev):
    - PlayKit/AnalyticsCommon
    - PlayKit/Core
    - Youbora-AVPlayer/dynamic (= 5.3.5)
  - SwiftyJSON (3.1.4)
  - SwiftyXMLParser (3.0.3)
  - Youbora-AVPlayer/dynamic (5.3.5):
    - Youbora-YouboraLib/dynamic (= 5.3.8)
  - Youbora-YouboraLib/dynamic (5.3.8)

DEPENDENCIES:
  - PlayKit (from `../`)
  - PlayKit/YouboraPlugin (from `../`)

EXTERNAL SOURCES:
  PlayKit:
    :path: ../

SPEC CHECKSUMS:
  KalturaNetKit: bd3825d14e604c9f06bb41607eb6ce8929f27556
  Log: 5e368c9528db07517d18d2d04ff5fe2b6f5a1e21
  PlayKit: 4869e2a5cf6359e24667d4cb7054690709032c31
  SwiftyJSON: c2842d878f95482ffceec5709abc3d05680c0220
  SwiftyXMLParser: 9c6cc0310e778266a63d8eba50d9e07925aab0fb
  Youbora-AVPlayer: 02aea2a12a4f7e6a61d8a1747e5dfc177bf2354b
  Youbora-YouboraLib: 523adf7cd09c4a213e3485e6ec7c48d498986246

PODFILE CHECKSUM: b212880aba7005a72b4a500de3e0d4a04a5bd9cf

COCOAPODS: 1.2.1
